// !$*UTF8*$!
{
	archiveVersion = 1;
	classes = {
	};
	objectVersion = 46;
	objects = {

/* Begin PBXBuildFile section */
		032EA4B119DE68B700DD3C7B /* AppDelegate.swift in Sources */ = {isa = PBXBuildFile; fileRef = 032EA4B019DE68B700DD3C7B /* AppDelegate.swift */; };
		032EA4B319DE6C1300DD3C7B /* WebtoonListViewController.swift in Sources */ = {isa = PBXBuildFile; fileRef = 032EA4B219DE6C1300DD3C7B /* WebtoonListViewController.swift */; };
		032EA4C719DE806D00DD3C7B /* WebtoonCell.swift in Sources */ = {isa = PBXBuildFile; fileRef = 032EA4C619DE806D00DD3C7B /* WebtoonCell.swift */; };
		032EA4CF19DE85E800DD3C7B /* Request.swift in Sources */ = {isa = PBXBuildFile; fileRef = 032EA4CD19DE85E800DD3C7B /* Request.swift */; };
		032EA4D019DE85E800DD3C7B /* Route.swift in Sources */ = {isa = PBXBuildFile; fileRef = 032EA4CE19DE85E800DD3C7B /* Route.swift */; };
		03367CFC17D345D700CFF891 /* Foundation.framework in Frameworks */ = {isa = PBXBuildFile; fileRef = 03367CFB17D345D700CFF891 /* Foundation.framework */; };
		03367CFE17D345D700CFF891 /* CoreGraphics.framework in Frameworks */ = {isa = PBXBuildFile; fileRef = 03367CFD17D345D700CFF891 /* CoreGraphics.framework */; };
		03367D0017D345D700CFF891 /* UIKit.framework in Frameworks */ = {isa = PBXBuildFile; fileRef = 03367CFF17D345D700CFF891 /* UIKit.framework */; };
		03367D0E17D345D700CFF891 /* Images.xcassets in Resources */ = {isa = PBXBuildFile; fileRef = 03367D0D17D345D700CFF891 /* Images.xcassets */; };
		03367D1517D345D700CFF891 /* XCTest.framework in Frameworks */ = {isa = PBXBuildFile; fileRef = 03367D1417D345D700CFF891 /* XCTest.framework */; };
		03367D1617D345D700CFF891 /* Foundation.framework in Frameworks */ = {isa = PBXBuildFile; fileRef = 03367CFB17D345D700CFF891 /* Foundation.framework */; };
		03367D1717D345D700CFF891 /* UIKit.framework in Frameworks */ = {isa = PBXBuildFile; fileRef = 03367CFF17D345D700CFF891 /* UIKit.framework */; };
		03367D2117D345D700CFF891 /* HippoTests.m in Sources */ = {isa = PBXBuildFile; fileRef = 03367D2017D345D700CFF891 /* HippoTests.m */; };
		03367D7517D346FA00CFF891 /* MobileCoreServices.framework in Frameworks */ = {isa = PBXBuildFile; fileRef = 03367D7417D346FA00CFF891 /* MobileCoreServices.framework */; };
		03367D7717D3470100CFF891 /* libsqlite3.0.dylib in Frameworks */ = {isa = PBXBuildFile; fileRef = 03367D7617D3470100CFF891 /* libsqlite3.0.dylib */; };
		03367D7917D3471100CFF891 /* CoreData.framework in Frameworks */ = {isa = PBXBuildFile; fileRef = 03367D7817D3471100CFF891 /* CoreData.framework */; };
		033926C619DEBF970075A149 /* Webtoon.swift in Sources */ = {isa = PBXBuildFile; fileRef = 033926C519DEBF970075A149 /* Webtoon.swift */; };
		033926C819DEE9400075A149 /* Picture.swift in Sources */ = {isa = PBXBuildFile; fileRef = 033926C719DEE9400075A149 /* Picture.swift */; };
		033926CA19DF0E680075A149 /* Artist.swift in Sources */ = {isa = PBXBuildFile; fileRef = 033926C919DF0E680075A149 /* Artist.swift */; };
		033926CC19DF1B8F0075A149 /* Snappy.framework in Frameworks */ = {isa = PBXBuildFile; fileRef = 033926CB19DF1B8F0075A149 /* Snappy.framework */; };
		033926CD19DF1B8F0075A149 /* Snappy.framework in Embed Frameworks */ = {isa = PBXBuildFile; fileRef = 033926CB19DF1B8F0075A149 /* Snappy.framework */; settings = {ATTRIBUTES = (CodeSignOnCopy, RemoveHeadersOnCopy, ); }; };
		033926D019DFD3800075A149 /* Common.swift in Sources */ = {isa = PBXBuildFile; fileRef = 033926CF19DFD3800075A149 /* Common.swift */; };
		033926D219E036990075A149 /* LoginViewController.swift in Sources */ = {isa = PBXBuildFile; fileRef = 033926D119E036990075A149 /* LoginViewController.swift */; };
		0383BEA017D34A5800E89D7A /* SystemConfiguration.framework in Frameworks */ = {isa = PBXBuildFile; fileRef = 0383BE9F17D34A5800E89D7A /* SystemConfiguration.framework */; };
		03A746BF17D9F25E0099A2A5 /* Hippo.xcdatamodeld in Sources */ = {isa = PBXBuildFile; fileRef = 03A746AA17D9E7880099A2A5 /* Hippo.xcdatamodeld */; };
		03A746C017D9F3190099A2A5 /* Hippo.xcdatamodeld in Resources */ = {isa = PBXBuildFile; fileRef = 03A746AA17D9E7880099A2A5 /* Hippo.xcdatamodeld */; };
		03D220A117E0248E00E804AA /* Localizable.strings in Resources */ = {isa = PBXBuildFile; fileRef = 03D220A017E0248E00E804AA /* Localizable.strings */; };
		D43F5B1BC50173FE05156E82 /* libPods.a in Frameworks */ = {isa = PBXBuildFile; fileRef = 239066B9E76D27965EFCAA35 /* libPods.a */; };
/* End PBXBuildFile section */

/* Begin PBXContainerItemProxy section */
		03367D1817D345D700CFF891 /* PBXContainerItemProxy */ = {
			isa = PBXContainerItemProxy;
			containerPortal = 03367CF017D345D700CFF891 /* Project object */;
			proxyType = 1;
			remoteGlobalIDString = 03367CF717D345D700CFF891;
			remoteInfo = Hippo;
		};
/* End PBXContainerItemProxy section */

/* Begin PBXCopyFilesBuildPhase section */
		033926CE19DF1B900075A149 /* Embed Frameworks */ = {
			isa = PBXCopyFilesBuildPhase;
			buildActionMask = 2147483647;
			dstPath = "";
			dstSubfolderSpec = 10;
			files = (
				033926CD19DF1B8F0075A149 /* Snappy.framework in Embed Frameworks */,
			);
			name = "Embed Frameworks";
			runOnlyForDeploymentPostprocessing = 0;
		};
/* End PBXCopyFilesBuildPhase section */

/* Begin PBXFileReference section */
		032335B717D350B3007EECCB /* WeekdaySelector.h */ = {isa = PBXFileReference; fileEncoding = 4; lastKnownFileType = sourcecode.c.h; name = WeekdaySelector.h; path = Controls/WeekdaySelector.h; sourceTree = "<group>"; };
		032335B817D350B3007EECCB /* WeekdaySelector.m */ = {isa = PBXFileReference; fileEncoding = 4; lastKnownFileType = sourcecode.c.objc; name = WeekdaySelector.m; path = Controls/WeekdaySelector.m; sourceTree = "<group>"; };
		032335BD17D35310007EECCB /* WebtoonCell.h */ = {isa = PBXFileReference; fileEncoding = 4; lastKnownFileType = sourcecode.c.h; path = WebtoonCell.h; sourceTree = "<group>"; };
		032335BE17D35310007EECCB /* WebtoonCell.m */ = {isa = PBXFileReference; fileEncoding = 4; lastKnownFileType = sourcecode.c.objc; path = WebtoonCell.m; sourceTree = "<group>"; };
		0324200317E2466A003025E3 /* User.h */ = {isa = PBXFileReference; fileEncoding = 4; lastKnownFileType = sourcecode.c.h; path = User.h; sourceTree = "<group>"; };
		0324200417E2466A003025E3 /* User.m */ = {isa = PBXFileReference; fileEncoding = 4; lastKnownFileType = sourcecode.c.objc; path = User.m; sourceTree = "<group>"; };
		032EA4AF19DE68B600DD3C7B /* Hippo-Bridging-Header.h */ = {isa = PBXFileReference; lastKnownFileType = sourcecode.c.h; path = "Hippo-Bridging-Header.h"; sourceTree = SOURCE_ROOT; };
		032EA4B019DE68B700DD3C7B /* AppDelegate.swift */ = {isa = PBXFileReference; fileEncoding = 4; lastKnownFileType = sourcecode.swift; path = AppDelegate.swift; sourceTree = "<group>"; };
		032EA4B219DE6C1300DD3C7B /* WebtoonListViewController.swift */ = {isa = PBXFileReference; fileEncoding = 4; lastKnownFileType = sourcecode.swift; name = WebtoonListViewController.swift; path = ViewControllers/WebtoonListViewController.swift; sourceTree = "<group>"; };
		032EA4C619DE806D00DD3C7B /* WebtoonCell.swift */ = {isa = PBXFileReference; fileEncoding = 4; lastKnownFileType = sourcecode.swift; path = WebtoonCell.swift; sourceTree = "<group>"; };
		032EA4CD19DE85E800DD3C7B /* Request.swift */ = {isa = PBXFileReference; fileEncoding = 4; lastKnownFileType = sourcecode.swift; path = Request.swift; sourceTree = "<group>"; };
		032EA4CE19DE85E800DD3C7B /* Route.swift */ = {isa = PBXFileReference; fileEncoding = 4; lastKnownFileType = sourcecode.swift; path = Route.swift; sourceTree = "<group>"; };
		03367CF817D345D700CFF891 /* Hippo.app */ = {isa = PBXFileReference; explicitFileType = wrapper.application; includeInIndex = 0; path = Hippo.app; sourceTree = BUILT_PRODUCTS_DIR; };
		03367CFB17D345D700CFF891 /* Foundation.framework */ = {isa = PBXFileReference; lastKnownFileType = wrapper.framework; name = Foundation.framework; path = System/Library/Frameworks/Foundation.framework; sourceTree = SDKROOT; };
		03367CFD17D345D700CFF891 /* CoreGraphics.framework */ = {isa = PBXFileReference; lastKnownFileType = wrapper.framework; name = CoreGraphics.framework; path = System/Library/Frameworks/CoreGraphics.framework; sourceTree = SDKROOT; };
		03367CFF17D345D700CFF891 /* UIKit.framework */ = {isa = PBXFileReference; lastKnownFileType = wrapper.framework; name = UIKit.framework; path = System/Library/Frameworks/UIKit.framework; sourceTree = SDKROOT; };
		03367D0317D345D700CFF891 /* Hippo-Info.plist */ = {isa = PBXFileReference; lastKnownFileType = text.plist.xml; path = "Hippo-Info.plist"; sourceTree = "<group>"; };
		03367D0A17D345D700CFF891 /* AppDelegate.h */ = {isa = PBXFileReference; lastKnownFileType = sourcecode.c.h; path = AppDelegate.h; sourceTree = "<group>"; };
		03367D0B17D345D700CFF891 /* AppDelegate.m */ = {isa = PBXFileReference; lastKnownFileType = sourcecode.c.objc; path = AppDelegate.m; sourceTree = "<group>"; };
		03367D0D17D345D700CFF891 /* Images.xcassets */ = {isa = PBXFileReference; lastKnownFileType = folder.assetcatalog; path = Images.xcassets; sourceTree = "<group>"; };
		03367D1317D345D700CFF891 /* HippoTests.xctest */ = {isa = PBXFileReference; explicitFileType = wrapper.cfbundle; includeInIndex = 0; path = HippoTests.xctest; sourceTree = BUILT_PRODUCTS_DIR; };
		03367D1417D345D700CFF891 /* XCTest.framework */ = {isa = PBXFileReference; lastKnownFileType = wrapper.framework; name = XCTest.framework; path = Library/Frameworks/XCTest.framework; sourceTree = DEVELOPER_DIR; };
		03367D1C17D345D700CFF891 /* HippoTests-Info.plist */ = {isa = PBXFileReference; lastKnownFileType = text.plist.xml; path = "HippoTests-Info.plist"; sourceTree = "<group>"; };
		03367D2017D345D700CFF891 /* HippoTests.m */ = {isa = PBXFileReference; lastKnownFileType = sourcecode.c.objc; path = HippoTests.m; sourceTree = "<group>"; };
		03367D6C17D3466D00CFF891 /* Common.h */ = {isa = PBXFileReference; fileEncoding = 4; lastKnownFileType = sourcecode.c.h; path = Common.h; sourceTree = "<group>"; };
		03367D6D17D3466D00CFF891 /* Utils.h */ = {isa = PBXFileReference; fileEncoding = 4; lastKnownFileType = sourcecode.c.h; path = Utils.h; sourceTree = "<group>"; };
		03367D6E17D3466D00CFF891 /* Utils.m */ = {isa = PBXFileReference; fileEncoding = 4; lastKnownFileType = sourcecode.c.objc; path = Utils.m; sourceTree = "<group>"; };
		03367D7017D346CA00CFF891 /* WebtoonListViewController.h */ = {isa = PBXFileReference; fileEncoding = 4; lastKnownFileType = sourcecode.c.h; name = WebtoonListViewController.h; path = ViewControllers/WebtoonListViewController.h; sourceTree = "<group>"; };
		03367D7117D346CA00CFF891 /* WebtoonListViewController.m */ = {isa = PBXFileReference; fileEncoding = 4; lastKnownFileType = sourcecode.c.objc; name = WebtoonListViewController.m; path = ViewControllers/WebtoonListViewController.m; sourceTree = "<group>"; };
		03367D7417D346FA00CFF891 /* MobileCoreServices.framework */ = {isa = PBXFileReference; lastKnownFileType = wrapper.framework; name = MobileCoreServices.framework; path = System/Library/Frameworks/MobileCoreServices.framework; sourceTree = SDKROOT; };
		03367D7617D3470100CFF891 /* libsqlite3.0.dylib */ = {isa = PBXFileReference; lastKnownFileType = "compiled.mach-o.dylib"; name = libsqlite3.0.dylib; path = usr/lib/libsqlite3.0.dylib; sourceTree = SDKROOT; };
		03367D7817D3471100CFF891 /* CoreData.framework */ = {isa = PBXFileReference; lastKnownFileType = wrapper.framework; name = CoreData.framework; path = System/Library/Frameworks/CoreData.framework; sourceTree = SDKROOT; };
		033926C519DEBF970075A149 /* Webtoon.swift */ = {isa = PBXFileReference; fileEncoding = 4; lastKnownFileType = sourcecode.swift; path = Webtoon.swift; sourceTree = "<group>"; };
		033926C719DEE9400075A149 /* Picture.swift */ = {isa = PBXFileReference; fileEncoding = 4; lastKnownFileType = sourcecode.swift; path = Picture.swift; sourceTree = "<group>"; };
		033926C919DF0E680075A149 /* Artist.swift */ = {isa = PBXFileReference; fileEncoding = 4; lastKnownFileType = sourcecode.swift; path = Artist.swift; sourceTree = "<group>"; };
		033926CB19DF1B8F0075A149 /* Snappy.framework */ = {isa = PBXFileReference; explicitFileType = wrapper.framework; name = Snappy.framework; path = "/Users/xoul/Library/Developer/Xcode/DerivedData/Hippo-fqnhddzpmizdokglxfvqvmlouigq/Build/Products/Debug-iphoneos/Snappy.framework"; sourceTree = "<absolute>"; };
		033926CF19DFD3800075A149 /* Common.swift */ = {isa = PBXFileReference; fileEncoding = 4; lastKnownFileType = sourcecode.swift; path = Common.swift; sourceTree = "<group>"; };
		033926D119E036990075A149 /* LoginViewController.swift */ = {isa = PBXFileReference; fileEncoding = 4; lastKnownFileType = sourcecode.swift; name = LoginViewController.swift; path = ViewControllers/LoginViewController.swift; sourceTree = "<group>"; };
		03665BA917DA059C0038D895 /* WebtoonDetailViewController.h */ = {isa = PBXFileReference; fileEncoding = 4; lastKnownFileType = sourcecode.c.h; name = WebtoonDetailViewController.h; path = ViewControllers/WebtoonDetailViewController.h; sourceTree = "<group>"; };
		03665BAA17DA059C0038D895 /* WebtoonDetailViewController.m */ = {isa = PBXFileReference; fileEncoding = 4; lastKnownFileType = sourcecode.c.objc; name = WebtoonDetailViewController.m; path = ViewControllers/WebtoonDetailViewController.m; sourceTree = "<group>"; };
		03665BAD17DA08DC0038D895 /* WebtoonDetailView.h */ = {isa = PBXFileReference; fileEncoding = 4; lastKnownFileType = sourcecode.c.h; path = WebtoonDetailView.h; sourceTree = "<group>"; };
		03665BAE17DA08DC0038D895 /* WebtoonDetailView.m */ = {isa = PBXFileReference; fileEncoding = 4; lastKnownFileType = sourcecode.c.objc; path = WebtoonDetailView.m; sourceTree = "<group>"; };
		03665BB617DA4B550038D895 /* EpisodeCell.h */ = {isa = PBXFileReference; fileEncoding = 4; lastKnownFileType = sourcecode.c.h; path = EpisodeCell.h; sourceTree = "<group>"; };
		03665BB717DA4B550038D895 /* EpisodeCell.m */ = {isa = PBXFileReference; fileEncoding = 4; lastKnownFileType = sourcecode.c.objc; path = EpisodeCell.m; sourceTree = "<group>"; };
		03665BB917DA894B0038D895 /* SettingsViewController.h */ = {isa = PBXFileReference; fileEncoding = 4; lastKnownFileType = sourcecode.c.h; name = SettingsViewController.h; path = ViewControllers/SettingsViewController.h; sourceTree = "<group>"; };
		03665BBA17DA894B0038D895 /* SettingsViewController.m */ = {isa = PBXFileReference; fileEncoding = 4; lastKnownFileType = sourcecode.c.objc; name = SettingsViewController.m; path = ViewControllers/SettingsViewController.m; sourceTree = "<group>"; };
		03702CD217E51EDE00E5E345 /* WebtoonViewerViewController.h */ = {isa = PBXFileReference; fileEncoding = 4; lastKnownFileType = sourcecode.c.h; name = WebtoonViewerViewController.h; path = ViewControllers/WebtoonViewerViewController.h; sourceTree = "<group>"; };
		03702CD317E51EDE00E5E345 /* WebtoonViewerViewController.m */ = {isa = PBXFileReference; fileEncoding = 4; lastKnownFileType = sourcecode.c.objc; name = WebtoonViewerViewController.m; path = ViewControllers/WebtoonViewerViewController.m; sourceTree = "<group>"; };
		0383BE9C17D349AE00E89D7A /* APILoader.h */ = {isa = PBXFileReference; fileEncoding = 4; lastKnownFileType = sourcecode.c.h; path = APILoader.h; sourceTree = "<group>"; };
		0383BE9D17D349AE00E89D7A /* APILoader.m */ = {isa = PBXFileReference; fileEncoding = 4; lastKnownFileType = sourcecode.c.objc; path = APILoader.m; sourceTree = "<group>"; };
		0383BE9F17D34A5800E89D7A /* SystemConfiguration.framework */ = {isa = PBXFileReference; lastKnownFileType = wrapper.framework; name = SystemConfiguration.framework; path = System/Library/Frameworks/SystemConfiguration.framework; sourceTree = SDKROOT; };
		03A746AB17D9E7880099A2A5 /* Hippo.xcdatamodel */ = {isa = PBXFileReference; lastKnownFileType = wrapper.xcdatamodel; path = Hippo.xcdatamodel; sourceTree = "<group>"; };
		03D2208217DEFB0B00E804AA /* Episode.h */ = {isa = PBXFileReference; fileEncoding = 4; lastKnownFileType = sourcecode.c.h; path = Episode.h; sourceTree = "<group>"; };
		03D2208317DEFB0B00E804AA /* Episode.m */ = {isa = PBXFileReference; fileEncoding = 4; lastKnownFileType = sourcecode.c.objc; path = Episode.m; sourceTree = "<group>"; };
		03D2209117E01B9200E804AA /* Webtoon.h */ = {isa = PBXFileReference; fileEncoding = 4; lastKnownFileType = sourcecode.c.h; path = Webtoon.h; sourceTree = "<group>"; };
		03D2209217E01B9200E804AA /* Webtoon.m */ = {isa = PBXFileReference; fileEncoding = 4; lastKnownFileType = sourcecode.c.objc; path = Webtoon.m; sourceTree = "<group>"; };
		03D220A017E0248E00E804AA /* Localizable.strings */ = {isa = PBXFileReference; fileEncoding = 4; lastKnownFileType = text.plist.strings; path = Localizable.strings; sourceTree = "<group>"; };
		239066B9E76D27965EFCAA35 /* libPods.a */ = {isa = PBXFileReference; explicitFileType = archive.ar; includeInIndex = 0; path = libPods.a; sourceTree = BUILT_PRODUCTS_DIR; };
		7123B7D7B66B64DEBFDAB5EA /* Pods.debug.xcconfig */ = {isa = PBXFileReference; includeInIndex = 1; lastKnownFileType = text.xcconfig; name = Pods.debug.xcconfig; path = "Pods/Target Support Files/Pods/Pods.debug.xcconfig"; sourceTree = "<group>"; };
		D8EFA9890FAECA3D88B80020 /* Pods.release.xcconfig */ = {isa = PBXFileReference; includeInIndex = 1; lastKnownFileType = text.xcconfig; name = Pods.release.xcconfig; path = "Pods/Target Support Files/Pods/Pods.release.xcconfig"; sourceTree = "<group>"; };
/* End PBXFileReference section */

/* Begin PBXFrameworksBuildPhase section */
		03367CF517D345D700CFF891 /* Frameworks */ = {
			isa = PBXFrameworksBuildPhase;
			buildActionMask = 2147483647;
			files = (
				0383BEA017D34A5800E89D7A /* SystemConfiguration.framework in Frameworks */,
				03367D7917D3471100CFF891 /* CoreData.framework in Frameworks */,
				03367D7717D3470100CFF891 /* libsqlite3.0.dylib in Frameworks */,
				033926CC19DF1B8F0075A149 /* Snappy.framework in Frameworks */,
				03367D7517D346FA00CFF891 /* MobileCoreServices.framework in Frameworks */,
				03367CFE17D345D700CFF891 /* CoreGraphics.framework in Frameworks */,
				03367D0017D345D700CFF891 /* UIKit.framework in Frameworks */,
				03367CFC17D345D700CFF891 /* Foundation.framework in Frameworks */,
				D43F5B1BC50173FE05156E82 /* libPods.a in Frameworks */,
			);
			runOnlyForDeploymentPostprocessing = 0;
		};
		03367D1017D345D700CFF891 /* Frameworks */ = {
			isa = PBXFrameworksBuildPhase;
			buildActionMask = 2147483647;
			files = (
				03367D1517D345D700CFF891 /* XCTest.framework in Frameworks */,
				03367D1717D345D700CFF891 /* UIKit.framework in Frameworks */,
				03367D1617D345D700CFF891 /* Foundation.framework in Frameworks */,
			);
			runOnlyForDeploymentPostprocessing = 0;
		};
/* End PBXFrameworksBuildPhase section */

/* Begin PBXGroup section */
		032335BA17D350B8007EECCB /* Controls */ = {
			isa = PBXGroup;
			children = (
				032335B717D350B3007EECCB /* WeekdaySelector.h */,
				032335B817D350B3007EECCB /* WeekdaySelector.m */,
			);
			name = Controls;
			sourceTree = "<group>";
		};
		032335BB17D352FF007EECCB /* Models */ = {
			isa = PBXGroup;
			children = (
				033926C519DEBF970075A149 /* Webtoon.swift */,
				033926C919DF0E680075A149 /* Artist.swift */,
				033926C719DEE9400075A149 /* Picture.swift */,
				03A746AA17D9E7880099A2A5 /* Hippo.xcdatamodeld */,
				0324200317E2466A003025E3 /* User.h */,
				0324200417E2466A003025E3 /* User.m */,
				03D2209117E01B9200E804AA /* Webtoon.h */,
				03D2209217E01B9200E804AA /* Webtoon.m */,
				03D2208217DEFB0B00E804AA /* Episode.h */,
				03D2208317DEFB0B00E804AA /* Episode.m */,
			);
			path = Models;
			sourceTree = "<group>";
		};
		032335BC17D352FF007EECCB /* Views */ = {
			isa = PBXGroup;
			children = (
				032EA4C619DE806D00DD3C7B /* WebtoonCell.swift */,
				032335BD17D35310007EECCB /* WebtoonCell.h */,
				032335BE17D35310007EECCB /* WebtoonCell.m */,
				03665BAD17DA08DC0038D895 /* WebtoonDetailView.h */,
				03665BAE17DA08DC0038D895 /* WebtoonDetailView.m */,
				03665BB617DA4B550038D895 /* EpisodeCell.h */,
				03665BB717DA4B550038D895 /* EpisodeCell.m */,
			);
			path = Views;
			sourceTree = "<group>";
		};
		032EA4CC19DE85E800DD3C7B /* Network */ = {
			isa = PBXGroup;
			children = (
				032EA4CD19DE85E800DD3C7B /* Request.swift */,
				032EA4CE19DE85E800DD3C7B /* Route.swift */,
			);
			path = Network;
			sourceTree = "<group>";
		};
		03367CEF17D345D700CFF891 = {
			isa = PBXGroup;
			children = (
				03367D0117D345D700CFF891 /* Hippo */,
				03D2209717E021FB00E804AA /* Resources */,
				03367D1A17D345D700CFF891 /* HippoTests */,
				03367CFA17D345D700CFF891 /* Frameworks */,
				03367CF917D345D700CFF891 /* Products */,
				6A417B1E899D2FE76D36AE55 /* Pods */,
			);
			sourceTree = "<group>";
		};
		03367CF917D345D700CFF891 /* Products */ = {
			isa = PBXGroup;
			children = (
				03367CF817D345D700CFF891 /* Hippo.app */,
				03367D1317D345D700CFF891 /* HippoTests.xctest */,
			);
			name = Products;
			sourceTree = "<group>";
		};
		03367CFA17D345D700CFF891 /* Frameworks */ = {
			isa = PBXGroup;
			children = (
				033926CB19DF1B8F0075A149 /* Snappy.framework */,
				0383BE9F17D34A5800E89D7A /* SystemConfiguration.framework */,
				03367D7817D3471100CFF891 /* CoreData.framework */,
				03367D7617D3470100CFF891 /* libsqlite3.0.dylib */,
				03367D7417D346FA00CFF891 /* MobileCoreServices.framework */,
				03367CFB17D345D700CFF891 /* Foundation.framework */,
				03367CFD17D345D700CFF891 /* CoreGraphics.framework */,
				03367CFF17D345D700CFF891 /* UIKit.framework */,
				03367D1417D345D700CFF891 /* XCTest.framework */,
				239066B9E76D27965EFCAA35 /* libPods.a */,
			);
			name = Frameworks;
			sourceTree = "<group>";
		};
		03367D0117D345D700CFF891 /* Hippo */ = {
			isa = PBXGroup;
			children = (
				033926CF19DFD3800075A149 /* Common.swift */,
				032EA4B019DE68B700DD3C7B /* AppDelegate.swift */,
				032EA4CC19DE85E800DD3C7B /* Network */,
				03367D6C17D3466D00CFF891 /* Common.h */,
				03367D0A17D345D700CFF891 /* AppDelegate.h */,
				03367D0B17D345D700CFF891 /* AppDelegate.m */,
				03367D6D17D3466D00CFF891 /* Utils.h */,
				03367D6E17D3466D00CFF891 /* Utils.m */,
				0383BE9C17D349AE00E89D7A /* APILoader.h */,
				0383BE9D17D349AE00E89D7A /* APILoader.m */,
				03367D0D17D345D700CFF891 /* Images.xcassets */,
				032335BA17D350B8007EECCB /* Controls */,
				032335BB17D352FF007EECCB /* Models */,
				03367D7317D346D000CFF891 /* ViewControllers */,
				032335BC17D352FF007EECCB /* Views */,
				03367D0217D345D700CFF891 /* Supporting Files */,
			);
			path = Hippo;
			sourceTree = "<group>";
		};
		03367D0217D345D700CFF891 /* Supporting Files */ = {
			isa = PBXGroup;
			children = (
				032EA4AF19DE68B600DD3C7B /* Hippo-Bridging-Header.h */,
				03367D0317D345D700CFF891 /* Hippo-Info.plist */,
			);
			name = "Supporting Files";
			sourceTree = "<group>";
		};
		03367D1A17D345D700CFF891 /* HippoTests */ = {
			isa = PBXGroup;
			children = (
				03367D2017D345D700CFF891 /* HippoTests.m */,
				03367D1B17D345D700CFF891 /* Supporting Files */,
			);
			path = HippoTests;
			sourceTree = "<group>";
		};
		03367D1B17D345D700CFF891 /* Supporting Files */ = {
			isa = PBXGroup;
			children = (
				03367D1C17D345D700CFF891 /* HippoTests-Info.plist */,
			);
			name = "Supporting Files";
			sourceTree = "<group>";
		};
		03367D7317D346D000CFF891 /* ViewControllers */ = {
			isa = PBXGroup;
			children = (
				033926D119E036990075A149 /* LoginViewController.swift */,
				032EA4B219DE6C1300DD3C7B /* WebtoonListViewController.swift */,
				03367D7017D346CA00CFF891 /* WebtoonListViewController.h */,
				03367D7117D346CA00CFF891 /* WebtoonListViewController.m */,
				03665BA917DA059C0038D895 /* WebtoonDetailViewController.h */,
				03665BAA17DA059C0038D895 /* WebtoonDetailViewController.m */,
				03702CD217E51EDE00E5E345 /* WebtoonViewerViewController.h */,
				03702CD317E51EDE00E5E345 /* WebtoonViewerViewController.m */,
				03665BB917DA894B0038D895 /* SettingsViewController.h */,
				03665BBA17DA894B0038D895 /* SettingsViewController.m */,
			);
			name = ViewControllers;
			sourceTree = "<group>";
		};
		03D2209717E021FB00E804AA /* Resources */ = {
			isa = PBXGroup;
			children = (
				03D220A017E0248E00E804AA /* Localizable.strings */,
			);
			path = Resources;
			sourceTree = "<group>";
		};
		6A417B1E899D2FE76D36AE55 /* Pods */ = {
			isa = PBXGroup;
			children = (
				7123B7D7B66B64DEBFDAB5EA /* Pods.debug.xcconfig */,
				D8EFA9890FAECA3D88B80020 /* Pods.release.xcconfig */,
			);
			name = Pods;
			sourceTree = "<group>";
		};
/* End PBXGroup section */

/* Begin PBXNativeTarget section */
		03367CF717D345D700CFF891 /* Hippo */ = {
			isa = PBXNativeTarget;
			buildConfigurationList = 03367D2417D345D700CFF891 /* Build configuration list for PBXNativeTarget "Hippo" */;
			buildPhases = (
				89674D39E5955A0F509057D8 /* Check Pods Manifest.lock */,
				03367CF417D345D700CFF891 /* Sources */,
				03367CF517D345D700CFF891 /* Frameworks */,
				03367CF617D345D700CFF891 /* Resources */,
				8BA7AF582B64869F04AEADCD /* Copy Pods Resources */,
				033926CE19DF1B900075A149 /* Embed Frameworks */,
			);
			buildRules = (
			);
			dependencies = (
			);
			name = Hippo;
			productName = Hippo;
			productReference = 03367CF817D345D700CFF891 /* Hippo.app */;
			productType = "com.apple.product-type.application";
		};
		03367D1217D345D700CFF891 /* HippoTests */ = {
			isa = PBXNativeTarget;
			buildConfigurationList = 03367D2717D345D700CFF891 /* Build configuration list for PBXNativeTarget "HippoTests" */;
			buildPhases = (
				03367D0F17D345D700CFF891 /* Sources */,
				03367D1017D345D700CFF891 /* Frameworks */,
				03367D1117D345D700CFF891 /* Resources */,
			);
			buildRules = (
			);
			dependencies = (
				03367D1917D345D700CFF891 /* PBXTargetDependency */,
			);
			name = HippoTests;
			productName = HippoTests;
			productReference = 03367D1317D345D700CFF891 /* HippoTests.xctest */;
			productType = "com.apple.product-type.bundle.unit-test";
		};
/* End PBXNativeTarget section */

/* Begin PBXProject section */
		03367CF017D345D700CFF891 /* Project object */ = {
			isa = PBXProject;
			attributes = {
				LastUpgradeCheck = 0500;
				ORGANIZATIONNAME = Joyfl;
				TargetAttributes = {
					03367D1217D345D700CFF891 = {
						TestTargetID = 03367CF717D345D700CFF891;
					};
				};
			};
			buildConfigurationList = 03367CF317D345D700CFF891 /* Build configuration list for PBXProject "Hippo" */;
			compatibilityVersion = "Xcode 3.2";
			developmentRegion = English;
			hasScannedForEncodings = 0;
			knownRegions = (
				en,
			);
			mainGroup = 03367CEF17D345D700CFF891;
			productRefGroup = 03367CF917D345D700CFF891 /* Products */;
			projectDirPath = "";
			projectRoot = "";
			targets = (
				03367CF717D345D700CFF891 /* Hippo */,
				03367D1217D345D700CFF891 /* HippoTests */,
			);
		};
/* End PBXProject section */

/* Begin PBXResourcesBuildPhase section */
		03367CF617D345D700CFF891 /* Resources */ = {
			isa = PBXResourcesBuildPhase;
			buildActionMask = 2147483647;
			files = (
				03D220A117E0248E00E804AA /* Localizable.strings in Resources */,
				03A746C017D9F3190099A2A5 /* Hippo.xcdatamodeld in Resources */,
				03367D0E17D345D700CFF891 /* Images.xcassets in Resources */,
			);
			runOnlyForDeploymentPostprocessing = 0;
		};
		03367D1117D345D700CFF891 /* Resources */ = {
			isa = PBXResourcesBuildPhase;
			buildActionMask = 2147483647;
			files = (
			);
			runOnlyForDeploymentPostprocessing = 0;
		};
/* End PBXResourcesBuildPhase section */

/* Begin PBXShellScriptBuildPhase section */
		89674D39E5955A0F509057D8 /* Check Pods Manifest.lock */ = {
			isa = PBXShellScriptBuildPhase;
			buildActionMask = 2147483647;
			files = (
			);
			inputPaths = (
			);
			name = "Check Pods Manifest.lock";
			outputPaths = (
			);
			runOnlyForDeploymentPostprocessing = 0;
			shellPath = /bin/sh;
			shellScript = "diff \"${PODS_ROOT}/../Podfile.lock\" \"${PODS_ROOT}/Manifest.lock\" > /dev/null\nif [[ $? != 0 ]] ; then\n    cat << EOM\nerror: The sandbox is not in sync with the Podfile.lock. Run 'pod install' or update your CocoaPods installation.\nEOM\n    exit 1\nfi\n";
			showEnvVarsInLog = 0;
		};
		8BA7AF582B64869F04AEADCD /* Copy Pods Resources */ = {
			isa = PBXShellScriptBuildPhase;
			buildActionMask = 2147483647;
			files = (
			);
			inputPaths = (
			);
			name = "Copy Pods Resources";
			outputPaths = (
			);
			runOnlyForDeploymentPostprocessing = 0;
			shellPath = /bin/sh;
			shellScript = "\"${SRCROOT}/Pods/Target Support Files/Pods/Pods-resources.sh\"\n";
			showEnvVarsInLog = 0;
		};
/* End PBXShellScriptBuildPhase section */

/* Begin PBXSourcesBuildPhase section */
		03367CF417D345D700CFF891 /* Sources */ = {
			isa = PBXSourcesBuildPhase;
			buildActionMask = 2147483647;
			files = (
				032EA4B119DE68B700DD3C7B /* AppDelegate.swift in Sources */,
				033926C619DEBF970075A149 /* Webtoon.swift in Sources */,
				032EA4B319DE6C1300DD3C7B /* WebtoonListViewController.swift in Sources */,
				033926CA19DF0E680075A149 /* Artist.swift in Sources */,
				032EA4C719DE806D00DD3C7B /* WebtoonCell.swift in Sources */,
				033926C819DEE9400075A149 /* Picture.swift in Sources */,
				03A746BF17D9F25E0099A2A5 /* Hippo.xcdatamodeld in Sources */,
				032EA4D019DE85E800DD3C7B /* Route.swift in Sources */,
				033926D019DFD3800075A149 /* Common.swift in Sources */,
				032EA4CF19DE85E800DD3C7B /* Request.swift in Sources */,
				033926D219E036990075A149 /* LoginViewController.swift in Sources */,
			);
			runOnlyForDeploymentPostprocessing = 0;
		};
		03367D0F17D345D700CFF891 /* Sources */ = {
			isa = PBXSourcesBuildPhase;
			buildActionMask = 2147483647;
			files = (
				03367D2117D345D700CFF891 /* HippoTests.m in Sources */,
			);
			runOnlyForDeploymentPostprocessing = 0;
		};
/* End PBXSourcesBuildPhase section */

/* Begin PBXTargetDependency section */
		03367D1917D345D700CFF891 /* PBXTargetDependency */ = {
			isa = PBXTargetDependency;
			target = 03367CF717D345D700CFF891 /* Hippo */;
			targetProxy = 03367D1817D345D700CFF891 /* PBXContainerItemProxy */;
		};
/* End PBXTargetDependency section */

/* Begin XCBuildConfiguration section */
		03367D2217D345D700CFF891 /* Debug */ = {
			isa = XCBuildConfiguration;
			buildSettings = {
				ALWAYS_SEARCH_USER_PATHS = NO;
				CLANG_CXX_LANGUAGE_STANDARD = "gnu++0x";
				CLANG_CXX_LIBRARY = "libc++";
				CLANG_ENABLE_MODULES = YES;
				CLANG_ENABLE_OBJC_ARC = YES;
				CLANG_WARN_BOOL_CONVERSION = YES;
				CLANG_WARN_CONSTANT_CONVERSION = YES;
				CLANG_WARN_DIRECT_OBJC_ISA_USAGE = YES_ERROR;
				CLANG_WARN_EMPTY_BODY = YES;
				CLANG_WARN_ENUM_CONVERSION = YES;
				CLANG_WARN_INT_CONVERSION = YES;
				CLANG_WARN_OBJC_ROOT_CLASS = YES_ERROR;
				CLANG_WARN__DUPLICATE_METHOD_MATCH = YES;
				"CODE_SIGN_IDENTITY[sdk=iphoneos*]" = "iPhone Developer";
				COPY_PHASE_STRIP = NO;
				GCC_C_LANGUAGE_STANDARD = gnu99;
				GCC_DYNAMIC_NO_PIC = NO;
				GCC_OPTIMIZATION_LEVEL = 0;
				GCC_PREPROCESSOR_DEFINITIONS = (
					"DEBUG=1",
					"$(inherited)",
				);
				GCC_SYMBOLS_PRIVATE_EXTERN = NO;
				GCC_WARN_ABOUT_RETURN_TYPE = YES_ERROR;
				GCC_WARN_UNDECLARED_SELECTOR = YES;
				GCC_WARN_UNINITIALIZED_AUTOS = YES;
				GCC_WARN_UNUSED_FUNCTION = YES;
				GCC_WARN_UNUSED_VARIABLE = YES;
				IPHONEOS_DEPLOYMENT_TARGET = 7.0;
				ONLY_ACTIVE_ARCH = YES;
				SDKROOT = iphoneos;
				TARGETED_DEVICE_FAMILY = "1,2";
			};
			name = Debug;
		};
		03367D2317D345D700CFF891 /* Release */ = {
			isa = XCBuildConfiguration;
			buildSettings = {
				ALWAYS_SEARCH_USER_PATHS = NO;
				CLANG_CXX_LANGUAGE_STANDARD = "gnu++0x";
				CLANG_CXX_LIBRARY = "libc++";
				CLANG_ENABLE_MODULES = YES;
				CLANG_ENABLE_OBJC_ARC = YES;
				CLANG_WARN_BOOL_CONVERSION = YES;
				CLANG_WARN_CONSTANT_CONVERSION = YES;
				CLANG_WARN_DIRECT_OBJC_ISA_USAGE = YES_ERROR;
				CLANG_WARN_EMPTY_BODY = YES;
				CLANG_WARN_ENUM_CONVERSION = YES;
				CLANG_WARN_INT_CONVERSION = YES;
				CLANG_WARN_OBJC_ROOT_CLASS = YES_ERROR;
				CLANG_WARN__DUPLICATE_METHOD_MATCH = YES;
				"CODE_SIGN_IDENTITY[sdk=iphoneos*]" = "iPhone Developer";
				COPY_PHASE_STRIP = YES;
				ENABLE_NS_ASSERTIONS = NO;
				GCC_C_LANGUAGE_STANDARD = gnu99;
				GCC_WARN_ABOUT_RETURN_TYPE = YES_ERROR;
				GCC_WARN_UNDECLARED_SELECTOR = YES;
				GCC_WARN_UNINITIALIZED_AUTOS = YES;
				GCC_WARN_UNUSED_FUNCTION = YES;
				GCC_WARN_UNUSED_VARIABLE = YES;
				IPHONEOS_DEPLOYMENT_TARGET = 7.0;
				SDKROOT = iphoneos;
				TARGETED_DEVICE_FAMILY = "1,2";
				VALIDATE_PRODUCT = YES;
			};
			name = Release;
		};
		03367D2517D345D700CFF891 /* Debug */ = {
			isa = XCBuildConfiguration;
			baseConfigurationReference = 7123B7D7B66B64DEBFDAB5EA /* Pods.debug.xcconfig */;
			buildSettings = {
				ASSETCATALOG_COMPILER_APPICON_NAME = AppIcon;
				ASSETCATALOG_COMPILER_LAUNCHIMAGE_NAME = LaunchImage;
				CLANG_ENABLE_MODULES = YES;
				EMBEDDED_CONTENT_CONTAINS_SWIFT = YES;
				FRAMEWORK_SEARCH_PATHS = (
					"$(inherited)",
					"$(USER_LIBRARY_DIR)/Developer/Xcode/DerivedData/Hippo-fqnhddzpmizdokglxfvqvmlouigq/Build/Products/Debug-iphoneos",
				);
				GCC_PRECOMPILE_PREFIX_HEADER = YES;
				INFOPLIST_FILE = "Hippo/Hippo-Info.plist";
				LD_RUNPATH_SEARCH_PATHS = "$(inherited) @executable_path/Frameworks";
				PRODUCT_NAME = "$(TARGET_NAME)";
				SWIFT_OBJC_BRIDGING_HEADER = "Hippo-Bridging-Header.h";
				SWIFT_OPTIMIZATION_LEVEL = "-Onone";
				WRAPPER_EXTENSION = app;
			};
			name = Debug;
		};
		03367D2617D345D700CFF891 /* Release */ = {
			isa = XCBuildConfiguration;
			baseConfigurationReference = D8EFA9890FAECA3D88B80020 /* Pods.release.xcconfig */;
			buildSettings = {
				ASSETCATALOG_COMPILER_APPICON_NAME = AppIcon;
				ASSETCATALOG_COMPILER_LAUNCHIMAGE_NAME = LaunchImage;
				CLANG_ENABLE_MODULES = YES;
				EMBEDDED_CONTENT_CONTAINS_SWIFT = YES;
				FRAMEWORK_SEARCH_PATHS = (
					"$(inherited)",
					"$(USER_LIBRARY_DIR)/Developer/Xcode/DerivedData/Hippo-fqnhddzpmizdokglxfvqvmlouigq/Build/Products/Debug-iphoneos",
				);
				GCC_PRECOMPILE_PREFIX_HEADER = YES;
				INFOPLIST_FILE = "Hippo/Hippo-Info.plist";
				LD_RUNPATH_SEARCH_PATHS = "$(inherited) @executable_path/Frameworks";
				PRODUCT_NAME = "$(TARGET_NAME)";
				SWIFT_OBJC_BRIDGING_HEADER = "Hippo-Bridging-Header.h";
				WRAPPER_EXTENSION = app;
			};
			name = Release;
		};
		03367D2817D345D700CFF891 /* Debug */ = {
			isa = XCBuildConfiguration;
			buildSettings = {
				BUNDLE_LOADER = "$(BUILT_PRODUCTS_DIR)/Hippo.app/Hippo";
				FRAMEWORK_SEARCH_PATHS = (
					"$(SDKROOT)/Developer/Library/Frameworks",
					"$(inherited)",
					"$(DEVELOPER_FRAMEWORKS_DIR)",
				);
				GCC_PRECOMPILE_PREFIX_HEADER = YES;
				GCC_PREFIX_HEADER = "Hippo/Hippo-Prefix.pch";
				GCC_PREPROCESSOR_DEFINITIONS = (
					"DEBUG=1",
					"$(inherited)",
				);
				INFOPLIST_FILE = "HippoTests/HippoTests-Info.plist";
				PRODUCT_NAME = "$(TARGET_NAME)";
				TEST_HOST = "$(BUNDLE_LOADER)";
				WRAPPER_EXTENSION = xctest;
			};
			name = Debug;
		};
		03367D2917D345D700CFF891 /* Release */ = {
			isa = XCBuildConfiguration;
			buildSettings = {
				BUNDLE_LOADER = "$(BUILT_PRODUCTS_DIR)/Hippo.app/Hippo";
				FRAMEWORK_SEARCH_PATHS = (
					"$(SDKROOT)/Developer/Library/Frameworks",
					"$(inherited)",
					"$(DEVELOPER_FRAMEWORKS_DIR)",
				);
				GCC_PRECOMPILE_PREFIX_HEADER = YES;
				GCC_PREFIX_HEADER = "Hippo/Hippo-Prefix.pch";
				INFOPLIST_FILE = "HippoTests/HippoTests-Info.plist";
				PRODUCT_NAME = "$(TARGET_NAME)";
				TEST_HOST = "$(BUNDLE_LOADER)";
				WRAPPER_EXTENSION = xctest;
			};
			name = Release;
		};
/* End XCBuildConfiguration section */

/* Begin XCConfigurationList section */
		03367CF317D345D700CFF891 /* Build configuration list for PBXProject "Hippo" */ = {
			isa = XCConfigurationList;
			buildConfigurations = (
				03367D2217D345D700CFF891 /* Debug */,
				03367D2317D345D700CFF891 /* Release */,
			);
			defaultConfigurationIsVisible = 0;
			defaultConfigurationName = Release;
		};
		03367D2417D345D700CFF891 /* Build configuration list for PBXNativeTarget "Hippo" */ = {
			isa = XCConfigurationList;
			buildConfigurations = (
				03367D2517D345D700CFF891 /* Debug */,
				03367D2617D345D700CFF891 /* Release */,
			);
			defaultConfigurationIsVisible = 0;
			defaultConfigurationName = Release;
		};
		03367D2717D345D700CFF891 /* Build configuration list for PBXNativeTarget "HippoTests" */ = {
			isa = XCConfigurationList;
			buildConfigurations = (
				03367D2817D345D700CFF891 /* Debug */,
				03367D2917D345D700CFF891 /* Release */,
			);
			defaultConfigurationIsVisible = 0;
			defaultConfigurationName = Release;
		};
/* End XCConfigurationList section */

/* Begin XCVersionGroup section */
		03A746AA17D9E7880099A2A5 /* Hippo.xcdatamodeld */ = {
			isa = XCVersionGroup;
			children = (
				03A746AB17D9E7880099A2A5 /* Hippo.xcdatamodel */,
			);
			currentVersion = 03A746AB17D9E7880099A2A5 /* Hippo.xcdatamodel */;
			path = Hippo.xcdatamodeld;
			sourceTree = "<group>";
			versionGroupType = wrapper.xcdatamodel;
		};
/* End XCVersionGroup section */
	};
	rootObject = 03367CF017D345D700CFF891 /* Project object */;
}
