<?xml version="1.0" encoding="UTF-8"?>
<!DOCTYPE plist PUBLIC "-//Apple//DTD PLIST 1.0//EN" "http://www.apple.com/DTDs/PropertyList-1.0.dtd">
<plist version="1.0">
<dict>
	<key>archiveVersion</key>
	<string>1</string>
	<key>classes</key>
	<dict/>
	<key>objectVersion</key>
	<string>46</string>
	<key>objects</key>
	<dict>
		<key>032335B717D350B3007EECCB</key>
		<dict>
			<key>fileEncoding</key>
			<string>4</string>
			<key>isa</key>
			<string>PBXFileReference</string>
			<key>lastKnownFileType</key>
			<string>sourcecode.c.h</string>
			<key>name</key>
			<string>WeekdaySelector.h</string>
			<key>path</key>
			<string>Controls/WeekdaySelector.h</string>
			<key>sourceTree</key>
			<string>&lt;group&gt;</string>
		</dict>
		<key>032335B817D350B3007EECCB</key>
		<dict>
			<key>fileEncoding</key>
			<string>4</string>
			<key>isa</key>
			<string>PBXFileReference</string>
			<key>lastKnownFileType</key>
			<string>sourcecode.c.objc</string>
			<key>name</key>
			<string>WeekdaySelector.m</string>
			<key>path</key>
			<string>Controls/WeekdaySelector.m</string>
			<key>sourceTree</key>
			<string>&lt;group&gt;</string>
		</dict>
		<key>032335BA17D350B8007EECCB</key>
		<dict>
			<key>children</key>
			<array>
				<string>032335B717D350B3007EECCB</string>
				<string>032335B817D350B3007EECCB</string>
			</array>
			<key>isa</key>
			<string>PBXGroup</string>
			<key>name</key>
			<string>Controls</string>
			<key>sourceTree</key>
			<string>&lt;group&gt;</string>
		</dict>
		<key>032335BB17D352FF007EECCB</key>
		<dict>
			<key>children</key>
			<array>
				<string>03A746AA17D9E7880099A2A5</string>
				<string>0324200317E2466A003025E3</string>
				<string>0324200417E2466A003025E3</string>
				<string>03D2209117E01B9200E804AA</string>
				<string>03D2209217E01B9200E804AA</string>
				<string>03D2208217DEFB0B00E804AA</string>
				<string>03D2208317DEFB0B00E804AA</string>
			</array>
			<key>isa</key>
			<string>PBXGroup</string>
			<key>path</key>
			<string>Models</string>
			<key>sourceTree</key>
			<string>&lt;group&gt;</string>
		</dict>
		<key>032335BC17D352FF007EECCB</key>
		<dict>
			<key>children</key>
			<array>
				<string>032EA4C619DE806D00DD3C7B</string>
				<string>032335BD17D35310007EECCB</string>
				<string>032335BE17D35310007EECCB</string>
				<string>03665BAD17DA08DC0038D895</string>
				<string>03665BAE17DA08DC0038D895</string>
				<string>03665BB617DA4B550038D895</string>
				<string>03665BB717DA4B550038D895</string>
			</array>
			<key>isa</key>
			<string>PBXGroup</string>
			<key>path</key>
			<string>Views</string>
			<key>sourceTree</key>
			<string>&lt;group&gt;</string>
		</dict>
		<key>032335BD17D35310007EECCB</key>
		<dict>
			<key>fileEncoding</key>
			<string>4</string>
			<key>isa</key>
			<string>PBXFileReference</string>
			<key>lastKnownFileType</key>
			<string>sourcecode.c.h</string>
			<key>path</key>
			<string>WebtoonCell.h</string>
			<key>sourceTree</key>
			<string>&lt;group&gt;</string>
		</dict>
		<key>032335BE17D35310007EECCB</key>
		<dict>
			<key>fileEncoding</key>
			<string>4</string>
			<key>isa</key>
			<string>PBXFileReference</string>
			<key>lastKnownFileType</key>
			<string>sourcecode.c.objc</string>
			<key>path</key>
			<string>WebtoonCell.m</string>
			<key>sourceTree</key>
			<string>&lt;group&gt;</string>
		</dict>
		<key>0324200317E2466A003025E3</key>
		<dict>
			<key>fileEncoding</key>
			<string>4</string>
			<key>isa</key>
			<string>PBXFileReference</string>
			<key>lastKnownFileType</key>
			<string>sourcecode.c.h</string>
			<key>path</key>
			<string>User.h</string>
			<key>sourceTree</key>
			<string>&lt;group&gt;</string>
		</dict>
		<key>0324200417E2466A003025E3</key>
		<dict>
			<key>fileEncoding</key>
			<string>4</string>
			<key>isa</key>
			<string>PBXFileReference</string>
			<key>lastKnownFileType</key>
			<string>sourcecode.c.objc</string>
			<key>path</key>
			<string>User.m</string>
			<key>sourceTree</key>
			<string>&lt;group&gt;</string>
		</dict>
		<key>032EA4AF19DE68B600DD3C7B</key>
		<dict>
			<key>isa</key>
			<string>PBXFileReference</string>
			<key>lastKnownFileType</key>
			<string>sourcecode.c.h</string>
			<key>path</key>
			<string>Hippo-Bridging-Header.h</string>
			<key>sourceTree</key>
			<string>SOURCE_ROOT</string>
		</dict>
		<key>032EA4B019DE68B700DD3C7B</key>
		<dict>
			<key>fileEncoding</key>
			<string>4</string>
			<key>isa</key>
			<string>PBXFileReference</string>
			<key>lastKnownFileType</key>
			<string>sourcecode.swift</string>
			<key>path</key>
			<string>AppDelegate.swift</string>
			<key>sourceTree</key>
			<string>&lt;group&gt;</string>
		</dict>
		<key>032EA4B119DE68B700DD3C7B</key>
		<dict>
			<key>fileRef</key>
			<string>032EA4B019DE68B700DD3C7B</string>
			<key>isa</key>
			<string>PBXBuildFile</string>
		</dict>
		<key>032EA4B219DE6C1300DD3C7B</key>
		<dict>
			<key>fileEncoding</key>
			<string>4</string>
			<key>isa</key>
			<string>PBXFileReference</string>
			<key>lastKnownFileType</key>
			<string>sourcecode.swift</string>
			<key>name</key>
			<string>WebtoonListViewController.swift</string>
			<key>path</key>
			<string>ViewControllers/WebtoonListViewController.swift</string>
			<key>sourceTree</key>
			<string>&lt;group&gt;</string>
		</dict>
		<key>032EA4B319DE6C1300DD3C7B</key>
		<dict>
			<key>fileRef</key>
			<string>032EA4B219DE6C1300DD3C7B</string>
			<key>isa</key>
			<string>PBXBuildFile</string>
		</dict>
		<key>032EA4C619DE806D00DD3C7B</key>
		<dict>
			<key>fileEncoding</key>
			<string>4</string>
			<key>isa</key>
			<string>PBXFileReference</string>
			<key>lastKnownFileType</key>
			<string>sourcecode.swift</string>
			<key>path</key>
			<string>WebtoonCell.swift</string>
			<key>sourceTree</key>
			<string>&lt;group&gt;</string>
		</dict>
		<key>032EA4C719DE806D00DD3C7B</key>
		<dict>
			<key>fileRef</key>
			<string>032EA4C619DE806D00DD3C7B</string>
			<key>isa</key>
			<string>PBXBuildFile</string>
		</dict>
		<key>03367CEF17D345D700CFF891</key>
		<dict>
			<key>children</key>
			<array>
				<string>03367D0117D345D700CFF891</string>
				<string>03D2209717E021FB00E804AA</string>
				<string>03367D1A17D345D700CFF891</string>
				<string>03367CFA17D345D700CFF891</string>
				<string>03367CF917D345D700CFF891</string>
				<string>6A417B1E899D2FE76D36AE55</string>
			</array>
			<key>isa</key>
			<string>PBXGroup</string>
			<key>sourceTree</key>
			<string>&lt;group&gt;</string>
		</dict>
		<key>03367CF017D345D700CFF891</key>
		<dict>
			<key>attributes</key>
			<dict>
				<key>LastUpgradeCheck</key>
				<string>0500</string>
				<key>ORGANIZATIONNAME</key>
				<string>Joyfl</string>
				<key>TargetAttributes</key>
				<dict>
					<key>03367D1217D345D700CFF891</key>
					<dict>
						<key>TestTargetID</key>
						<string>03367CF717D345D700CFF891</string>
					</dict>
				</dict>
			</dict>
			<key>buildConfigurationList</key>
			<string>03367CF317D345D700CFF891</string>
			<key>compatibilityVersion</key>
			<string>Xcode 3.2</string>
			<key>developmentRegion</key>
			<string>English</string>
			<key>hasScannedForEncodings</key>
			<string>0</string>
			<key>isa</key>
			<string>PBXProject</string>
			<key>knownRegions</key>
			<array>
				<string>en</string>
			</array>
			<key>mainGroup</key>
			<string>03367CEF17D345D700CFF891</string>
			<key>productRefGroup</key>
			<string>03367CF917D345D700CFF891</string>
			<key>projectDirPath</key>
			<string></string>
			<key>projectReferences</key>
			<array/>
			<key>projectRoot</key>
			<string></string>
			<key>targets</key>
			<array>
				<string>03367CF717D345D700CFF891</string>
				<string>03367D1217D345D700CFF891</string>
			</array>
		</dict>
		<key>03367CF317D345D700CFF891</key>
		<dict>
			<key>buildConfigurations</key>
			<array>
				<string>03367D2217D345D700CFF891</string>
				<string>03367D2317D345D700CFF891</string>
			</array>
			<key>defaultConfigurationIsVisible</key>
			<string>0</string>
			<key>defaultConfigurationName</key>
			<string>Release</string>
			<key>isa</key>
			<string>XCConfigurationList</string>
		</dict>
		<key>03367CF417D345D700CFF891</key>
		<dict>
			<key>buildActionMask</key>
			<string>2147483647</string>
			<key>files</key>
			<array>
				<string>032EA4B119DE68B700DD3C7B</string>
				<string>032EA4B319DE6C1300DD3C7B</string>
				<string>032EA4C719DE806D00DD3C7B</string>
				<string>03A746BF17D9F25E0099A2A5</string>
			</array>
			<key>isa</key>
			<string>PBXSourcesBuildPhase</string>
			<key>runOnlyForDeploymentPostprocessing</key>
			<string>0</string>
		</dict>
		<key>03367CF517D345D700CFF891</key>
		<dict>
			<key>buildActionMask</key>
			<string>2147483647</string>
			<key>files</key>
			<array>
				<string>0383BEA017D34A5800E89D7A</string>
				<string>03367D7917D3471100CFF891</string>
				<string>03367D7717D3470100CFF891</string>
				<string>03367D7517D346FA00CFF891</string>
				<string>03367CFE17D345D700CFF891</string>
				<string>03367D0017D345D700CFF891</string>
				<string>03367CFC17D345D700CFF891</string>
				<string>D43F5B1BC50173FE05156E82</string>
			</array>
			<key>isa</key>
			<string>PBXFrameworksBuildPhase</string>
			<key>runOnlyForDeploymentPostprocessing</key>
			<string>0</string>
		</dict>
		<key>03367CF617D345D700CFF891</key>
		<dict>
			<key>buildActionMask</key>
			<string>2147483647</string>
			<key>files</key>
			<array>
				<string>03D220A117E0248E00E804AA</string>
				<string>03A746C017D9F3190099A2A5</string>
				<string>03702CFA17E5457A00E5E345</string>
				<string>03D2209B17E021FB00E804AA</string>
				<string>03367D0E17D345D700CFF891</string>
				<string>03D2209A17E021FB00E804AA</string>
			</array>
			<key>isa</key>
			<string>PBXResourcesBuildPhase</string>
			<key>runOnlyForDeploymentPostprocessing</key>
			<string>0</string>
		</dict>
		<key>03367CF717D345D700CFF891</key>
		<dict>
			<key>buildConfigurationList</key>
			<string>03367D2417D345D700CFF891</string>
			<key>buildPhases</key>
			<array>
				<string>89674D39E5955A0F509057D8</string>
				<string>03367CF417D345D700CFF891</string>
				<string>03367CF517D345D700CFF891</string>
				<string>03367CF617D345D700CFF891</string>
				<string>8BA7AF582B64869F04AEADCD</string>
			</array>
			<key>buildRules</key>
			<array/>
			<key>dependencies</key>
			<array/>
			<key>isa</key>
			<string>PBXNativeTarget</string>
			<key>name</key>
			<string>Hippo</string>
			<key>productName</key>
			<string>Hippo</string>
			<key>productReference</key>
			<string>03367CF817D345D700CFF891</string>
			<key>productType</key>
			<string>com.apple.product-type.application</string>
		</dict>
		<key>03367CF817D345D700CFF891</key>
		<dict>
			<key>explicitFileType</key>
			<string>wrapper.application</string>
			<key>includeInIndex</key>
			<string>0</string>
			<key>isa</key>
			<string>PBXFileReference</string>
			<key>path</key>
			<string>Hippo.app</string>
			<key>sourceTree</key>
			<string>BUILT_PRODUCTS_DIR</string>
		</dict>
		<key>03367CF917D345D700CFF891</key>
		<dict>
			<key>children</key>
			<array>
				<string>03367CF817D345D700CFF891</string>
				<string>03367D1317D345D700CFF891</string>
			</array>
			<key>isa</key>
			<string>PBXGroup</string>
			<key>name</key>
			<string>Products</string>
			<key>sourceTree</key>
			<string>&lt;group&gt;</string>
		</dict>
		<key>03367CFA17D345D700CFF891</key>
		<dict>
			<key>children</key>
			<array>
				<string>0383BE9F17D34A5800E89D7A</string>
				<string>03367D7817D3471100CFF891</string>
				<string>03367D7617D3470100CFF891</string>
				<string>03367D7417D346FA00CFF891</string>
				<string>03367CFB17D345D700CFF891</string>
				<string>03367CFD17D345D700CFF891</string>
				<string>03367CFF17D345D700CFF891</string>
				<string>03367D1417D345D700CFF891</string>
				<string>239066B9E76D27965EFCAA35</string>
			</array>
			<key>isa</key>
			<string>PBXGroup</string>
			<key>name</key>
			<string>Frameworks</string>
			<key>sourceTree</key>
			<string>&lt;group&gt;</string>
		</dict>
		<key>03367CFB17D345D700CFF891</key>
		<dict>
			<key>isa</key>
			<string>PBXFileReference</string>
			<key>lastKnownFileType</key>
			<string>wrapper.framework</string>
			<key>name</key>
			<string>Foundation.framework</string>
			<key>path</key>
			<string>System/Library/Frameworks/Foundation.framework</string>
			<key>sourceTree</key>
			<string>SDKROOT</string>
		</dict>
		<key>03367CFC17D345D700CFF891</key>
		<dict>
			<key>fileRef</key>
			<string>03367CFB17D345D700CFF891</string>
			<key>isa</key>
			<string>PBXBuildFile</string>
		</dict>
		<key>03367CFD17D345D700CFF891</key>
		<dict>
			<key>isa</key>
			<string>PBXFileReference</string>
			<key>lastKnownFileType</key>
			<string>wrapper.framework</string>
			<key>name</key>
			<string>CoreGraphics.framework</string>
			<key>path</key>
			<string>System/Library/Frameworks/CoreGraphics.framework</string>
			<key>sourceTree</key>
			<string>SDKROOT</string>
		</dict>
		<key>03367CFE17D345D700CFF891</key>
		<dict>
			<key>fileRef</key>
			<string>03367CFD17D345D700CFF891</string>
			<key>isa</key>
			<string>PBXBuildFile</string>
		</dict>
		<key>03367CFF17D345D700CFF891</key>
		<dict>
			<key>isa</key>
			<string>PBXFileReference</string>
			<key>lastKnownFileType</key>
			<string>wrapper.framework</string>
			<key>name</key>
			<string>UIKit.framework</string>
			<key>path</key>
			<string>System/Library/Frameworks/UIKit.framework</string>
			<key>sourceTree</key>
			<string>SDKROOT</string>
		</dict>
		<key>03367D0017D345D700CFF891</key>
		<dict>
			<key>fileRef</key>
			<string>03367CFF17D345D700CFF891</string>
			<key>isa</key>
			<string>PBXBuildFile</string>
		</dict>
		<key>03367D0117D345D700CFF891</key>
		<dict>
			<key>children</key>
			<array>
				<string>032EA4B019DE68B700DD3C7B</string>
				<string>03367D6C17D3466D00CFF891</string>
				<string>03367D0A17D345D700CFF891</string>
				<string>03367D0B17D345D700CFF891</string>
				<string>03367D6D17D3466D00CFF891</string>
				<string>03367D6E17D3466D00CFF891</string>
				<string>0383BE9C17D349AE00E89D7A</string>
				<string>0383BE9D17D349AE00E89D7A</string>
				<string>03367D0D17D345D700CFF891</string>
				<string>032335BA17D350B8007EECCB</string>
				<string>032335BB17D352FF007EECCB</string>
				<string>03367D7317D346D000CFF891</string>
				<string>032335BC17D352FF007EECCB</string>
				<string>03367D0217D345D700CFF891</string>
			</array>
			<key>isa</key>
			<string>PBXGroup</string>
			<key>path</key>
			<string>Hippo</string>
			<key>sourceTree</key>
			<string>&lt;group&gt;</string>
		</dict>
		<key>03367D0217D345D700CFF891</key>
		<dict>
			<key>children</key>
			<array>
				<string>032EA4AF19DE68B600DD3C7B</string>
				<string>03367D0317D345D700CFF891</string>
			</array>
			<key>isa</key>
			<string>PBXGroup</string>
			<key>name</key>
			<string>Supporting Files</string>
			<key>sourceTree</key>
			<string>&lt;group&gt;</string>
		</dict>
		<key>03367D0317D345D700CFF891</key>
		<dict>
			<key>isa</key>
			<string>PBXFileReference</string>
			<key>lastKnownFileType</key>
			<string>text.plist.xml</string>
			<key>path</key>
			<string>Hippo-Info.plist</string>
			<key>sourceTree</key>
			<string>&lt;group&gt;</string>
		</dict>
		<key>03367D0A17D345D700CFF891</key>
		<dict>
			<key>isa</key>
			<string>PBXFileReference</string>
			<key>lastKnownFileType</key>
			<string>sourcecode.c.h</string>
			<key>path</key>
			<string>AppDelegate.h</string>
			<key>sourceTree</key>
			<string>&lt;group&gt;</string>
		</dict>
		<key>03367D0B17D345D700CFF891</key>
		<dict>
			<key>isa</key>
			<string>PBXFileReference</string>
			<key>lastKnownFileType</key>
			<string>sourcecode.c.objc</string>
			<key>path</key>
			<string>AppDelegate.m</string>
			<key>sourceTree</key>
			<string>&lt;group&gt;</string>
		</dict>
		<key>03367D0D17D345D700CFF891</key>
		<dict>
			<key>isa</key>
			<string>PBXFileReference</string>
			<key>lastKnownFileType</key>
			<string>folder.assetcatalog</string>
			<key>path</key>
			<string>Images.xcassets</string>
			<key>sourceTree</key>
			<string>&lt;group&gt;</string>
		</dict>
		<key>03367D0E17D345D700CFF891</key>
		<dict>
			<key>fileRef</key>
			<string>03367D0D17D345D700CFF891</string>
			<key>isa</key>
			<string>PBXBuildFile</string>
		</dict>
		<key>03367D0F17D345D700CFF891</key>
		<dict>
			<key>buildActionMask</key>
			<string>2147483647</string>
			<key>files</key>
			<array>
				<string>03367D2117D345D700CFF891</string>
			</array>
			<key>isa</key>
			<string>PBXSourcesBuildPhase</string>
			<key>runOnlyForDeploymentPostprocessing</key>
			<string>0</string>
		</dict>
		<key>03367D1017D345D700CFF891</key>
		<dict>
			<key>buildActionMask</key>
			<string>2147483647</string>
			<key>files</key>
			<array>
				<string>03367D1517D345D700CFF891</string>
				<string>03367D1717D345D700CFF891</string>
				<string>03367D1617D345D700CFF891</string>
			</array>
			<key>isa</key>
			<string>PBXFrameworksBuildPhase</string>
			<key>runOnlyForDeploymentPostprocessing</key>
			<string>0</string>
		</dict>
		<key>03367D1117D345D700CFF891</key>
		<dict>
			<key>buildActionMask</key>
			<string>2147483647</string>
			<key>files</key>
			<array/>
			<key>isa</key>
			<string>PBXResourcesBuildPhase</string>
			<key>runOnlyForDeploymentPostprocessing</key>
			<string>0</string>
		</dict>
		<key>03367D1217D345D700CFF891</key>
		<dict>
			<key>buildConfigurationList</key>
			<string>03367D2717D345D700CFF891</string>
			<key>buildPhases</key>
			<array>
				<string>03367D0F17D345D700CFF891</string>
				<string>03367D1017D345D700CFF891</string>
				<string>03367D1117D345D700CFF891</string>
			</array>
			<key>buildRules</key>
			<array/>
			<key>dependencies</key>
			<array>
				<string>03367D1917D345D700CFF891</string>
			</array>
			<key>isa</key>
			<string>PBXNativeTarget</string>
			<key>name</key>
			<string>HippoTests</string>
			<key>productName</key>
			<string>HippoTests</string>
			<key>productReference</key>
			<string>03367D1317D345D700CFF891</string>
			<key>productType</key>
			<string>com.apple.product-type.bundle.unit-test</string>
		</dict>
		<key>03367D1317D345D700CFF891</key>
		<dict>
			<key>explicitFileType</key>
			<string>wrapper.cfbundle</string>
			<key>includeInIndex</key>
			<string>0</string>
			<key>isa</key>
			<string>PBXFileReference</string>
			<key>path</key>
			<string>HippoTests.xctest</string>
			<key>sourceTree</key>
			<string>BUILT_PRODUCTS_DIR</string>
		</dict>
		<key>03367D1417D345D700CFF891</key>
		<dict>
			<key>isa</key>
			<string>PBXFileReference</string>
			<key>lastKnownFileType</key>
			<string>wrapper.framework</string>
			<key>name</key>
			<string>XCTest.framework</string>
			<key>path</key>
			<string>Library/Frameworks/XCTest.framework</string>
			<key>sourceTree</key>
			<string>DEVELOPER_DIR</string>
		</dict>
		<key>03367D1517D345D700CFF891</key>
		<dict>
			<key>fileRef</key>
			<string>03367D1417D345D700CFF891</string>
			<key>isa</key>
			<string>PBXBuildFile</string>
		</dict>
		<key>03367D1617D345D700CFF891</key>
		<dict>
			<key>fileRef</key>
			<string>03367CFB17D345D700CFF891</string>
			<key>isa</key>
			<string>PBXBuildFile</string>
		</dict>
		<key>03367D1717D345D700CFF891</key>
		<dict>
			<key>fileRef</key>
			<string>03367CFF17D345D700CFF891</string>
			<key>isa</key>
			<string>PBXBuildFile</string>
		</dict>
		<key>03367D1817D345D700CFF891</key>
		<dict>
			<key>containerPortal</key>
			<string>03367CF017D345D700CFF891</string>
			<key>isa</key>
			<string>PBXContainerItemProxy</string>
			<key>proxyType</key>
			<string>1</string>
			<key>remoteGlobalIDString</key>
			<string>03367CF717D345D700CFF891</string>
			<key>remoteInfo</key>
			<string>Hippo</string>
		</dict>
		<key>03367D1917D345D700CFF891</key>
		<dict>
			<key>isa</key>
			<string>PBXTargetDependency</string>
			<key>target</key>
			<string>03367CF717D345D700CFF891</string>
			<key>targetProxy</key>
			<string>03367D1817D345D700CFF891</string>
		</dict>
		<key>03367D1A17D345D700CFF891</key>
		<dict>
			<key>children</key>
			<array>
				<string>03367D2017D345D700CFF891</string>
				<string>03367D1B17D345D700CFF891</string>
			</array>
			<key>isa</key>
			<string>PBXGroup</string>
			<key>path</key>
			<string>HippoTests</string>
			<key>sourceTree</key>
			<string>&lt;group&gt;</string>
		</dict>
		<key>03367D1B17D345D700CFF891</key>
		<dict>
			<key>children</key>
			<array>
				<string>03367D1C17D345D700CFF891</string>
			</array>
			<key>isa</key>
			<string>PBXGroup</string>
			<key>name</key>
			<string>Supporting Files</string>
			<key>sourceTree</key>
			<string>&lt;group&gt;</string>
		</dict>
		<key>03367D1C17D345D700CFF891</key>
		<dict>
			<key>isa</key>
			<string>PBXFileReference</string>
			<key>lastKnownFileType</key>
			<string>text.plist.xml</string>
			<key>path</key>
			<string>HippoTests-Info.plist</string>
			<key>sourceTree</key>
			<string>&lt;group&gt;</string>
		</dict>
		<key>03367D2017D345D700CFF891</key>
		<dict>
			<key>isa</key>
			<string>PBXFileReference</string>
			<key>lastKnownFileType</key>
			<string>sourcecode.c.objc</string>
			<key>path</key>
			<string>HippoTests.m</string>
			<key>sourceTree</key>
			<string>&lt;group&gt;</string>
		</dict>
		<key>03367D2117D345D700CFF891</key>
		<dict>
			<key>fileRef</key>
			<string>03367D2017D345D700CFF891</string>
			<key>isa</key>
			<string>PBXBuildFile</string>
		</dict>
		<key>03367D2217D345D700CFF891</key>
		<dict>
			<key>buildSettings</key>
			<dict>
				<key>ALWAYS_SEARCH_USER_PATHS</key>
				<string>NO</string>
				<key>CLANG_CXX_LANGUAGE_STANDARD</key>
				<string>gnu++0x</string>
				<key>CLANG_CXX_LIBRARY</key>
				<string>libc++</string>
				<key>CLANG_ENABLE_MODULES</key>
				<string>YES</string>
				<key>CLANG_ENABLE_OBJC_ARC</key>
				<string>YES</string>
				<key>CLANG_WARN_BOOL_CONVERSION</key>
				<string>YES</string>
				<key>CLANG_WARN_CONSTANT_CONVERSION</key>
				<string>YES</string>
				<key>CLANG_WARN_DIRECT_OBJC_ISA_USAGE</key>
				<string>YES_ERROR</string>
				<key>CLANG_WARN_EMPTY_BODY</key>
				<string>YES</string>
				<key>CLANG_WARN_ENUM_CONVERSION</key>
				<string>YES</string>
				<key>CLANG_WARN_INT_CONVERSION</key>
				<string>YES</string>
				<key>CLANG_WARN_OBJC_ROOT_CLASS</key>
				<string>YES_ERROR</string>
				<key>CLANG_WARN__DUPLICATE_METHOD_MATCH</key>
				<string>YES</string>
				<key>CODE_SIGN_IDENTITY[sdk=iphoneos*]</key>
				<string>iPhone Developer</string>
				<key>COPY_PHASE_STRIP</key>
				<string>NO</string>
				<key>GCC_C_LANGUAGE_STANDARD</key>
				<string>gnu99</string>
				<key>GCC_DYNAMIC_NO_PIC</key>
				<string>NO</string>
				<key>GCC_OPTIMIZATION_LEVEL</key>
				<string>0</string>
				<key>GCC_PREPROCESSOR_DEFINITIONS</key>
				<array>
					<string>DEBUG=1</string>
					<string>$(inherited)</string>
				</array>
				<key>GCC_SYMBOLS_PRIVATE_EXTERN</key>
				<string>NO</string>
				<key>GCC_WARN_ABOUT_RETURN_TYPE</key>
				<string>YES_ERROR</string>
				<key>GCC_WARN_UNDECLARED_SELECTOR</key>
				<string>YES</string>
				<key>GCC_WARN_UNINITIALIZED_AUTOS</key>
				<string>YES</string>
				<key>GCC_WARN_UNUSED_FUNCTION</key>
				<string>YES</string>
				<key>GCC_WARN_UNUSED_VARIABLE</key>
				<string>YES</string>
				<key>IPHONEOS_DEPLOYMENT_TARGET</key>
				<string>7.0</string>
				<key>ONLY_ACTIVE_ARCH</key>
				<string>YES</string>
				<key>SDKROOT</key>
				<string>iphoneos</string>
				<key>TARGETED_DEVICE_FAMILY</key>
				<string>1,2</string>
			</dict>
			<key>isa</key>
			<string>XCBuildConfiguration</string>
			<key>name</key>
			<string>Debug</string>
		</dict>
		<key>03367D2317D345D700CFF891</key>
		<dict>
			<key>buildSettings</key>
			<dict>
				<key>ALWAYS_SEARCH_USER_PATHS</key>
				<string>NO</string>
				<key>CLANG_CXX_LANGUAGE_STANDARD</key>
				<string>gnu++0x</string>
				<key>CLANG_CXX_LIBRARY</key>
				<string>libc++</string>
				<key>CLANG_ENABLE_MODULES</key>
				<string>YES</string>
				<key>CLANG_ENABLE_OBJC_ARC</key>
				<string>YES</string>
				<key>CLANG_WARN_BOOL_CONVERSION</key>
				<string>YES</string>
				<key>CLANG_WARN_CONSTANT_CONVERSION</key>
				<string>YES</string>
				<key>CLANG_WARN_DIRECT_OBJC_ISA_USAGE</key>
				<string>YES_ERROR</string>
				<key>CLANG_WARN_EMPTY_BODY</key>
				<string>YES</string>
				<key>CLANG_WARN_ENUM_CONVERSION</key>
				<string>YES</string>
				<key>CLANG_WARN_INT_CONVERSION</key>
				<string>YES</string>
				<key>CLANG_WARN_OBJC_ROOT_CLASS</key>
				<string>YES_ERROR</string>
				<key>CLANG_WARN__DUPLICATE_METHOD_MATCH</key>
				<string>YES</string>
				<key>CODE_SIGN_IDENTITY[sdk=iphoneos*]</key>
				<string>iPhone Developer</string>
				<key>COPY_PHASE_STRIP</key>
				<string>YES</string>
				<key>ENABLE_NS_ASSERTIONS</key>
				<string>NO</string>
				<key>GCC_C_LANGUAGE_STANDARD</key>
				<string>gnu99</string>
				<key>GCC_WARN_ABOUT_RETURN_TYPE</key>
				<string>YES_ERROR</string>
				<key>GCC_WARN_UNDECLARED_SELECTOR</key>
				<string>YES</string>
				<key>GCC_WARN_UNINITIALIZED_AUTOS</key>
				<string>YES</string>
				<key>GCC_WARN_UNUSED_FUNCTION</key>
				<string>YES</string>
				<key>GCC_WARN_UNUSED_VARIABLE</key>
				<string>YES</string>
				<key>IPHONEOS_DEPLOYMENT_TARGET</key>
				<string>7.0</string>
				<key>SDKROOT</key>
				<string>iphoneos</string>
				<key>TARGETED_DEVICE_FAMILY</key>
				<string>1,2</string>
				<key>VALIDATE_PRODUCT</key>
				<string>YES</string>
			</dict>
			<key>isa</key>
			<string>XCBuildConfiguration</string>
			<key>name</key>
			<string>Release</string>
		</dict>
		<key>03367D2417D345D700CFF891</key>
		<dict>
			<key>buildConfigurations</key>
			<array>
				<string>03367D2517D345D700CFF891</string>
				<string>03367D2617D345D700CFF891</string>
			</array>
			<key>defaultConfigurationIsVisible</key>
			<string>0</string>
			<key>defaultConfigurationName</key>
			<string>Release</string>
			<key>isa</key>
			<string>XCConfigurationList</string>
		</dict>
		<key>03367D2517D345D700CFF891</key>
		<dict>
			<key>baseConfigurationReference</key>
			<string>7123B7D7B66B64DEBFDAB5EA</string>
			<key>buildSettings</key>
			<dict>
				<key>ASSETCATALOG_COMPILER_APPICON_NAME</key>
				<string>AppIcon</string>
				<key>ASSETCATALOG_COMPILER_LAUNCHIMAGE_NAME</key>
				<string>LaunchImage</string>
				<key>CLANG_ENABLE_MODULES</key>
				<string>YES</string>
				<key>EMBEDDED_CONTENT_CONTAINS_SWIFT</key>
				<string>YES</string>
				<key>GCC_PRECOMPILE_PREFIX_HEADER</key>
				<string>YES</string>
				<key>INFOPLIST_FILE</key>
				<string>Hippo/Hippo-Info.plist</string>
				<key>LD_RUNPATH_SEARCH_PATHS</key>
				<string>$(inherited) @executable_path/Frameworks</string>
				<key>PRODUCT_NAME</key>
				<string>$(TARGET_NAME)</string>
				<key>SWIFT_OBJC_BRIDGING_HEADER</key>
				<string>Hippo-Bridging-Header.h</string>
				<key>SWIFT_OPTIMIZATION_LEVEL</key>
				<string>-Onone</string>
				<key>WRAPPER_EXTENSION</key>
				<string>app</string>
			</dict>
			<key>isa</key>
			<string>XCBuildConfiguration</string>
			<key>name</key>
			<string>Debug</string>
		</dict>
		<key>03367D2617D345D700CFF891</key>
		<dict>
			<key>baseConfigurationReference</key>
			<string>D8EFA9890FAECA3D88B80020</string>
			<key>buildSettings</key>
			<dict>
				<key>ASSETCATALOG_COMPILER_APPICON_NAME</key>
				<string>AppIcon</string>
				<key>ASSETCATALOG_COMPILER_LAUNCHIMAGE_NAME</key>
				<string>LaunchImage</string>
				<key>CLANG_ENABLE_MODULES</key>
				<string>YES</string>
				<key>EMBEDDED_CONTENT_CONTAINS_SWIFT</key>
				<string>YES</string>
				<key>GCC_PRECOMPILE_PREFIX_HEADER</key>
				<string>YES</string>
				<key>INFOPLIST_FILE</key>
				<string>Hippo/Hippo-Info.plist</string>
				<key>LD_RUNPATH_SEARCH_PATHS</key>
				<string>$(inherited) @executable_path/Frameworks</string>
				<key>PRODUCT_NAME</key>
				<string>$(TARGET_NAME)</string>
				<key>SWIFT_OBJC_BRIDGING_HEADER</key>
				<string>Hippo-Bridging-Header.h</string>
				<key>WRAPPER_EXTENSION</key>
				<string>app</string>
			</dict>
			<key>isa</key>
			<string>XCBuildConfiguration</string>
			<key>name</key>
			<string>Release</string>
		</dict>
		<key>03367D2717D345D700CFF891</key>
		<dict>
			<key>buildConfigurations</key>
			<array>
				<string>03367D2817D345D700CFF891</string>
				<string>03367D2917D345D700CFF891</string>
			</array>
			<key>defaultConfigurationIsVisible</key>
			<string>0</string>
			<key>defaultConfigurationName</key>
			<string>Release</string>
			<key>isa</key>
			<string>XCConfigurationList</string>
		</dict>
		<key>03367D2817D345D700CFF891</key>
		<dict>
			<key>buildSettings</key>
			<dict>
				<key>BUNDLE_LOADER</key>
				<string>$(BUILT_PRODUCTS_DIR)/Hippo.app/Hippo</string>
				<key>FRAMEWORK_SEARCH_PATHS</key>
				<array>
					<string>$(SDKROOT)/Developer/Library/Frameworks</string>
					<string>$(inherited)</string>
					<string>$(DEVELOPER_FRAMEWORKS_DIR)</string>
				</array>
				<key>GCC_PRECOMPILE_PREFIX_HEADER</key>
				<string>YES</string>
				<key>GCC_PREFIX_HEADER</key>
				<string>Hippo/Hippo-Prefix.pch</string>
				<key>GCC_PREPROCESSOR_DEFINITIONS</key>
				<array>
					<string>DEBUG=1</string>
					<string>$(inherited)</string>
				</array>
				<key>INFOPLIST_FILE</key>
				<string>HippoTests/HippoTests-Info.plist</string>
				<key>PRODUCT_NAME</key>
				<string>$(TARGET_NAME)</string>
				<key>TEST_HOST</key>
				<string>$(BUNDLE_LOADER)</string>
				<key>WRAPPER_EXTENSION</key>
				<string>xctest</string>
			</dict>
			<key>isa</key>
			<string>XCBuildConfiguration</string>
			<key>name</key>
			<string>Debug</string>
		</dict>
		<key>03367D2917D345D700CFF891</key>
		<dict>
			<key>buildSettings</key>
			<dict>
				<key>BUNDLE_LOADER</key>
				<string>$(BUILT_PRODUCTS_DIR)/Hippo.app/Hippo</string>
				<key>FRAMEWORK_SEARCH_PATHS</key>
				<array>
					<string>$(SDKROOT)/Developer/Library/Frameworks</string>
					<string>$(inherited)</string>
					<string>$(DEVELOPER_FRAMEWORKS_DIR)</string>
				</array>
				<key>GCC_PRECOMPILE_PREFIX_HEADER</key>
				<string>YES</string>
				<key>GCC_PREFIX_HEADER</key>
				<string>Hippo/Hippo-Prefix.pch</string>
				<key>INFOPLIST_FILE</key>
				<string>HippoTests/HippoTests-Info.plist</string>
				<key>PRODUCT_NAME</key>
				<string>$(TARGET_NAME)</string>
				<key>TEST_HOST</key>
				<string>$(BUNDLE_LOADER)</string>
				<key>WRAPPER_EXTENSION</key>
				<string>xctest</string>
			</dict>
			<key>isa</key>
			<string>XCBuildConfiguration</string>
			<key>name</key>
			<string>Release</string>
		</dict>
		<key>03367D6C17D3466D00CFF891</key>
		<dict>
			<key>fileEncoding</key>
			<string>4</string>
			<key>isa</key>
			<string>PBXFileReference</string>
			<key>lastKnownFileType</key>
			<string>sourcecode.c.h</string>
			<key>path</key>
			<string>Common.h</string>
			<key>sourceTree</key>
			<string>&lt;group&gt;</string>
		</dict>
		<key>03367D6D17D3466D00CFF891</key>
		<dict>
			<key>fileEncoding</key>
			<string>4</string>
			<key>isa</key>
			<string>PBXFileReference</string>
			<key>lastKnownFileType</key>
			<string>sourcecode.c.h</string>
			<key>path</key>
			<string>Utils.h</string>
			<key>sourceTree</key>
			<string>&lt;group&gt;</string>
		</dict>
		<key>03367D6E17D3466D00CFF891</key>
		<dict>
			<key>fileEncoding</key>
			<string>4</string>
			<key>isa</key>
			<string>PBXFileReference</string>
			<key>lastKnownFileType</key>
			<string>sourcecode.c.objc</string>
			<key>path</key>
			<string>Utils.m</string>
			<key>sourceTree</key>
			<string>&lt;group&gt;</string>
		</dict>
		<key>03367D7017D346CA00CFF891</key>
		<dict>
			<key>fileEncoding</key>
			<string>4</string>
			<key>isa</key>
			<string>PBXFileReference</string>
			<key>lastKnownFileType</key>
			<string>sourcecode.c.h</string>
			<key>name</key>
			<string>WebtoonListViewController.h</string>
			<key>path</key>
			<string>ViewControllers/WebtoonListViewController.h</string>
			<key>sourceTree</key>
			<string>&lt;group&gt;</string>
		</dict>
		<key>03367D7117D346CA00CFF891</key>
		<dict>
			<key>fileEncoding</key>
			<string>4</string>
			<key>isa</key>
			<string>PBXFileReference</string>
			<key>lastKnownFileType</key>
			<string>sourcecode.c.objc</string>
			<key>name</key>
			<string>WebtoonListViewController.m</string>
			<key>path</key>
			<string>ViewControllers/WebtoonListViewController.m</string>
			<key>sourceTree</key>
			<string>&lt;group&gt;</string>
		</dict>
		<key>03367D7317D346D000CFF891</key>
		<dict>
			<key>children</key>
			<array>
				<string>032EA4B219DE6C1300DD3C7B</string>
				<string>03367D7017D346CA00CFF891</string>
				<string>03367D7117D346CA00CFF891</string>
				<string>03665BA917DA059C0038D895</string>
				<string>03665BAA17DA059C0038D895</string>
				<string>03702CD217E51EDE00E5E345</string>
				<string>03702CD317E51EDE00E5E345</string>
				<string>03665BB917DA894B0038D895</string>
				<string>03665BBA17DA894B0038D895</string>
			</array>
			<key>isa</key>
			<string>PBXGroup</string>
			<key>name</key>
			<string>ViewControllers</string>
			<key>sourceTree</key>
			<string>&lt;group&gt;</string>
		</dict>
		<key>03367D7417D346FA00CFF891</key>
		<dict>
			<key>isa</key>
			<string>PBXFileReference</string>
			<key>lastKnownFileType</key>
			<string>wrapper.framework</string>
			<key>name</key>
			<string>MobileCoreServices.framework</string>
			<key>path</key>
			<string>System/Library/Frameworks/MobileCoreServices.framework</string>
			<key>sourceTree</key>
			<string>SDKROOT</string>
		</dict>
		<key>03367D7517D346FA00CFF891</key>
		<dict>
			<key>fileRef</key>
			<string>03367D7417D346FA00CFF891</string>
			<key>isa</key>
			<string>PBXBuildFile</string>
		</dict>
		<key>03367D7617D3470100CFF891</key>
		<dict>
			<key>isa</key>
			<string>PBXFileReference</string>
			<key>lastKnownFileType</key>
			<string>compiled.mach-o.dylib</string>
			<key>name</key>
			<string>libsqlite3.0.dylib</string>
			<key>path</key>
			<string>usr/lib/libsqlite3.0.dylib</string>
			<key>sourceTree</key>
			<string>SDKROOT</string>
		</dict>
		<key>03367D7717D3470100CFF891</key>
		<dict>
			<key>fileRef</key>
			<string>03367D7617D3470100CFF891</string>
			<key>isa</key>
			<string>PBXBuildFile</string>
		</dict>
		<key>03367D7817D3471100CFF891</key>
		<dict>
			<key>isa</key>
			<string>PBXFileReference</string>
			<key>lastKnownFileType</key>
			<string>wrapper.framework</string>
			<key>name</key>
			<string>CoreData.framework</string>
			<key>path</key>
			<string>System/Library/Frameworks/CoreData.framework</string>
			<key>sourceTree</key>
			<string>SDKROOT</string>
		</dict>
		<key>03367D7917D3471100CFF891</key>
		<dict>
			<key>fileRef</key>
			<string>03367D7817D3471100CFF891</string>
			<key>isa</key>
			<string>PBXBuildFile</string>
		</dict>
		<key>03665BA917DA059C0038D895</key>
		<dict>
			<key>fileEncoding</key>
			<string>4</string>
			<key>isa</key>
			<string>PBXFileReference</string>
			<key>lastKnownFileType</key>
			<string>sourcecode.c.h</string>
			<key>name</key>
			<string>WebtoonDetailViewController.h</string>
			<key>path</key>
			<string>ViewControllers/WebtoonDetailViewController.h</string>
			<key>sourceTree</key>
			<string>&lt;group&gt;</string>
		</dict>
		<key>03665BAA17DA059C0038D895</key>
		<dict>
			<key>fileEncoding</key>
			<string>4</string>
			<key>isa</key>
			<string>PBXFileReference</string>
			<key>lastKnownFileType</key>
			<string>sourcecode.c.objc</string>
			<key>name</key>
			<string>WebtoonDetailViewController.m</string>
			<key>path</key>
			<string>ViewControllers/WebtoonDetailViewController.m</string>
			<key>sourceTree</key>
			<string>&lt;group&gt;</string>
		</dict>
		<key>03665BAD17DA08DC0038D895</key>
		<dict>
			<key>fileEncoding</key>
			<string>4</string>
			<key>isa</key>
			<string>PBXFileReference</string>
			<key>lastKnownFileType</key>
			<string>sourcecode.c.h</string>
			<key>path</key>
			<string>WebtoonDetailView.h</string>
			<key>sourceTree</key>
			<string>&lt;group&gt;</string>
		</dict>
		<key>03665BAE17DA08DC0038D895</key>
		<dict>
			<key>fileEncoding</key>
			<string>4</string>
			<key>isa</key>
			<string>PBXFileReference</string>
			<key>lastKnownFileType</key>
			<string>sourcecode.c.objc</string>
			<key>path</key>
			<string>WebtoonDetailView.m</string>
			<key>sourceTree</key>
			<string>&lt;group&gt;</string>
		</dict>
		<key>03665BB617DA4B550038D895</key>
		<dict>
			<key>fileEncoding</key>
			<string>4</string>
			<key>isa</key>
			<string>PBXFileReference</string>
			<key>lastKnownFileType</key>
			<string>sourcecode.c.h</string>
			<key>path</key>
			<string>EpisodeCell.h</string>
			<key>sourceTree</key>
			<string>&lt;group&gt;</string>
		</dict>
		<key>03665BB717DA4B550038D895</key>
		<dict>
			<key>fileEncoding</key>
			<string>4</string>
			<key>isa</key>
			<string>PBXFileReference</string>
			<key>lastKnownFileType</key>
			<string>sourcecode.c.objc</string>
			<key>path</key>
			<string>EpisodeCell.m</string>
			<key>sourceTree</key>
			<string>&lt;group&gt;</string>
		</dict>
		<key>03665BB917DA894B0038D895</key>
		<dict>
			<key>fileEncoding</key>
			<string>4</string>
			<key>isa</key>
			<string>PBXFileReference</string>
			<key>lastKnownFileType</key>
			<string>sourcecode.c.h</string>
			<key>name</key>
			<string>SettingsViewController.h</string>
			<key>path</key>
			<string>ViewControllers/SettingsViewController.h</string>
			<key>sourceTree</key>
			<string>&lt;group&gt;</string>
		</dict>
		<key>03665BBA17DA894B0038D895</key>
		<dict>
			<key>fileEncoding</key>
			<string>4</string>
			<key>isa</key>
			<string>PBXFileReference</string>
			<key>lastKnownFileType</key>
			<string>sourcecode.c.objc</string>
			<key>name</key>
			<string>SettingsViewController.m</string>
			<key>path</key>
			<string>ViewControllers/SettingsViewController.m</string>
			<key>sourceTree</key>
			<string>&lt;group&gt;</string>
		</dict>
		<key>03702CD217E51EDE00E5E345</key>
		<dict>
			<key>fileEncoding</key>
			<string>4</string>
			<key>isa</key>
			<string>PBXFileReference</string>
			<key>lastKnownFileType</key>
			<string>sourcecode.c.h</string>
			<key>name</key>
			<string>WebtoonViewerViewController.h</string>
			<key>path</key>
			<string>ViewControllers/WebtoonViewerViewController.h</string>
			<key>sourceTree</key>
			<string>&lt;group&gt;</string>
		</dict>
		<key>03702CD317E51EDE00E5E345</key>
		<dict>
			<key>fileEncoding</key>
			<string>4</string>
			<key>isa</key>
			<string>PBXFileReference</string>
			<key>lastKnownFileType</key>
			<string>sourcecode.c.objc</string>
			<key>name</key>
			<string>WebtoonViewerViewController.m</string>
			<key>path</key>
			<string>ViewControllers/WebtoonViewerViewController.m</string>
			<key>sourceTree</key>
			<string>&lt;group&gt;</string>
		</dict>
		<key>03702CF917E5457A00E5E345</key>
		<dict>
			<key>isa</key>
			<string>PBXFileReference</string>
			<key>lastKnownFileType</key>
			<string>image.png</string>
			<key>path</key>
			<string>icon_bookmark@2x.png</string>
			<key>sourceTree</key>
			<string>&lt;group&gt;</string>
		</dict>
		<key>03702CFA17E5457A00E5E345</key>
		<dict>
			<key>fileRef</key>
			<string>03702CF917E5457A00E5E345</string>
			<key>isa</key>
			<string>PBXBuildFile</string>
		</dict>
		<key>0383BE9C17D349AE00E89D7A</key>
		<dict>
			<key>fileEncoding</key>
			<string>4</string>
			<key>isa</key>
			<string>PBXFileReference</string>
			<key>lastKnownFileType</key>
			<string>sourcecode.c.h</string>
			<key>path</key>
			<string>APILoader.h</string>
			<key>sourceTree</key>
			<string>&lt;group&gt;</string>
		</dict>
		<key>0383BE9D17D349AE00E89D7A</key>
		<dict>
			<key>fileEncoding</key>
			<string>4</string>
			<key>isa</key>
			<string>PBXFileReference</string>
			<key>lastKnownFileType</key>
			<string>sourcecode.c.objc</string>
			<key>path</key>
			<string>APILoader.m</string>
			<key>sourceTree</key>
			<string>&lt;group&gt;</string>
		</dict>
		<key>0383BE9F17D34A5800E89D7A</key>
		<dict>
			<key>isa</key>
			<string>PBXFileReference</string>
			<key>lastKnownFileType</key>
			<string>wrapper.framework</string>
			<key>name</key>
			<string>SystemConfiguration.framework</string>
			<key>path</key>
			<string>System/Library/Frameworks/SystemConfiguration.framework</string>
			<key>sourceTree</key>
			<string>SDKROOT</string>
		</dict>
		<key>0383BEA017D34A5800E89D7A</key>
		<dict>
			<key>fileRef</key>
			<string>0383BE9F17D34A5800E89D7A</string>
			<key>isa</key>
			<string>PBXBuildFile</string>
		</dict>
		<key>03A746AA17D9E7880099A2A5</key>
		<dict>
			<key>children</key>
			<array>
				<string>03A746AB17D9E7880099A2A5</string>
			</array>
			<key>currentVersion</key>
			<string>03A746AB17D9E7880099A2A5</string>
			<key>isa</key>
			<string>XCVersionGroup</string>
			<key>path</key>
			<string>Hippo.xcdatamodeld</string>
			<key>sourceTree</key>
			<string>&lt;group&gt;</string>
			<key>versionGroupType</key>
			<string>wrapper.xcdatamodel</string>
		</dict>
		<key>03A746AB17D9E7880099A2A5</key>
		<dict>
			<key>isa</key>
			<string>PBXFileReference</string>
			<key>lastKnownFileType</key>
			<string>wrapper.xcdatamodel</string>
			<key>path</key>
			<string>Hippo.xcdatamodel</string>
			<key>sourceTree</key>
			<string>&lt;group&gt;</string>
		</dict>
		<key>03A746BF17D9F25E0099A2A5</key>
		<dict>
			<key>fileRef</key>
			<string>03A746AA17D9E7880099A2A5</string>
			<key>isa</key>
			<string>PBXBuildFile</string>
		</dict>
		<key>03A746C017D9F3190099A2A5</key>
		<dict>
			<key>fileRef</key>
			<string>03A746AA17D9E7880099A2A5</string>
			<key>isa</key>
			<string>PBXBuildFile</string>
		</dict>
		<key>03D2208217DEFB0B00E804AA</key>
		<dict>
			<key>fileEncoding</key>
			<string>4</string>
			<key>isa</key>
			<string>PBXFileReference</string>
			<key>lastKnownFileType</key>
			<string>sourcecode.c.h</string>
			<key>path</key>
			<string>Episode.h</string>
			<key>sourceTree</key>
			<string>&lt;group&gt;</string>
		</dict>
		<key>03D2208317DEFB0B00E804AA</key>
		<dict>
			<key>fileEncoding</key>
			<string>4</string>
			<key>isa</key>
			<string>PBXFileReference</string>
			<key>lastKnownFileType</key>
			<string>sourcecode.c.objc</string>
			<key>path</key>
			<string>Episode.m</string>
			<key>sourceTree</key>
			<string>&lt;group&gt;</string>
		</dict>
		<key>03D2209117E01B9200E804AA</key>
		<dict>
			<key>fileEncoding</key>
			<string>4</string>
			<key>isa</key>
			<string>PBXFileReference</string>
			<key>lastKnownFileType</key>
			<string>sourcecode.c.h</string>
			<key>path</key>
			<string>Webtoon.h</string>
			<key>sourceTree</key>
			<string>&lt;group&gt;</string>
		</dict>
		<key>03D2209217E01B9200E804AA</key>
		<dict>
			<key>fileEncoding</key>
			<string>4</string>
			<key>isa</key>
			<string>PBXFileReference</string>
			<key>lastKnownFileType</key>
			<string>sourcecode.c.objc</string>
			<key>path</key>
			<string>Webtoon.m</string>
			<key>sourceTree</key>
			<string>&lt;group&gt;</string>
		</dict>
		<key>03D2209717E021FB00E804AA</key>
		<dict>
			<key>children</key>
			<array>
				<string>03D220A017E0248E00E804AA</string>
				<string>03D2209817E021FB00E804AA</string>
				<string>03D2209917E021FB00E804AA</string>
				<string>03702CF917E5457A00E5E345</string>
			</array>
			<key>isa</key>
			<string>PBXGroup</string>
			<key>path</key>
			<string>Resources</string>
			<key>sourceTree</key>
			<string>&lt;group&gt;</string>
		</dict>
		<key>03D2209817E021FB00E804AA</key>
		<dict>
			<key>isa</key>
			<string>PBXFileReference</string>
			<key>lastKnownFileType</key>
			<string>image.png</string>
			<key>path</key>
			<string>icon_daum.png</string>
			<key>sourceTree</key>
			<string>&lt;group&gt;</string>
		</dict>
		<key>03D2209917E021FB00E804AA</key>
		<dict>
			<key>isa</key>
			<string>PBXFileReference</string>
			<key>lastKnownFileType</key>
			<string>image.png</string>
			<key>path</key>
			<string>icon_naver.png</string>
			<key>sourceTree</key>
			<string>&lt;group&gt;</string>
		</dict>
		<key>03D2209A17E021FB00E804AA</key>
		<dict>
			<key>fileRef</key>
			<string>03D2209817E021FB00E804AA</string>
			<key>isa</key>
			<string>PBXBuildFile</string>
		</dict>
		<key>03D2209B17E021FB00E804AA</key>
		<dict>
			<key>fileRef</key>
			<string>03D2209917E021FB00E804AA</string>
			<key>isa</key>
			<string>PBXBuildFile</string>
		</dict>
		<key>03D220A017E0248E00E804AA</key>
		<dict>
			<key>fileEncoding</key>
			<string>4</string>
			<key>isa</key>
			<string>PBXFileReference</string>
			<key>lastKnownFileType</key>
			<string>text.plist.strings</string>
			<key>path</key>
			<string>Localizable.strings</string>
			<key>sourceTree</key>
			<string>&lt;group&gt;</string>
		</dict>
		<key>03D220A117E0248E00E804AA</key>
		<dict>
			<key>fileRef</key>
			<string>03D220A017E0248E00E804AA</string>
			<key>isa</key>
			<string>PBXBuildFile</string>
		</dict>
		<key>239066B9E76D27965EFCAA35</key>
		<dict>
			<key>explicitFileType</key>
			<string>archive.ar</string>
			<key>includeInIndex</key>
			<string>0</string>
			<key>isa</key>
			<string>PBXFileReference</string>
			<key>path</key>
			<string>libPods.a</string>
			<key>sourceTree</key>
			<string>BUILT_PRODUCTS_DIR</string>
		</dict>
		<key>6A417B1E899D2FE76D36AE55</key>
		<dict>
			<key>children</key>
			<array>
				<string>7123B7D7B66B64DEBFDAB5EA</string>
				<string>D8EFA9890FAECA3D88B80020</string>
			</array>
			<key>isa</key>
			<string>PBXGroup</string>
			<key>name</key>
			<string>Pods</string>
			<key>sourceTree</key>
			<string>&lt;group&gt;</string>
		</dict>
		<key>7123B7D7B66B64DEBFDAB5EA</key>
		<dict>
			<key>includeInIndex</key>
			<string>1</string>
			<key>isa</key>
			<string>PBXFileReference</string>
			<key>lastKnownFileType</key>
			<string>text.xcconfig</string>
			<key>name</key>
			<string>Pods.debug.xcconfig</string>
			<key>path</key>
			<string>Pods/Target Support Files/Pods/Pods.debug.xcconfig</string>
			<key>sourceTree</key>
			<string>&lt;group&gt;</string>
		</dict>
		<key>89674D39E5955A0F509057D8</key>
		<dict>
			<key>buildActionMask</key>
			<string>2147483647</string>
			<key>files</key>
			<array/>
			<key>inputPaths</key>
			<array/>
			<key>isa</key>
			<string>PBXShellScriptBuildPhase</string>
			<key>name</key>
			<string>Check Pods Manifest.lock</string>
			<key>outputPaths</key>
			<array/>
			<key>runOnlyForDeploymentPostprocessing</key>
			<string>0</string>
			<key>shellPath</key>
			<string>/bin/sh</string>
			<key>shellScript</key>
			<string>diff "${PODS_ROOT}/../Podfile.lock" "${PODS_ROOT}/Manifest.lock" &gt; /dev/null
if [[ $? != 0 ]] ; then
    cat &lt;&lt; EOM
error: The sandbox is not in sync with the Podfile.lock. Run 'pod install' or update your CocoaPods installation.
EOM
    exit 1
fi
</string>
			<key>showEnvVarsInLog</key>
			<string>0</string>
		</dict>
		<key>8BA7AF582B64869F04AEADCD</key>
		<dict>
			<key>buildActionMask</key>
			<string>2147483647</string>
			<key>files</key>
			<array/>
			<key>inputPaths</key>
			<array/>
			<key>isa</key>
			<string>PBXShellScriptBuildPhase</string>
			<key>name</key>
			<string>Copy Pods Resources</string>
			<key>outputPaths</key>
			<array/>
			<key>runOnlyForDeploymentPostprocessing</key>
			<string>0</string>
			<key>shellPath</key>
			<string>/bin/sh</string>
			<key>shellScript</key>
			<string>"${SRCROOT}/Pods/Target Support Files/Pods/Pods-resources.sh"
</string>
			<key>showEnvVarsInLog</key>
			<string>0</string>
		</dict>
		<key>D43F5B1BC50173FE05156E82</key>
		<dict>
			<key>fileRef</key>
			<string>239066B9E76D27965EFCAA35</string>
			<key>isa</key>
			<string>PBXBuildFile</string>
		</dict>
		<key>D8EFA9890FAECA3D88B80020</key>
		<dict>
			<key>includeInIndex</key>
			<string>1</string>
			<key>isa</key>
			<string>PBXFileReference</string>
			<key>lastKnownFileType</key>
			<string>text.xcconfig</string>
			<key>name</key>
			<string>Pods.release.xcconfig</string>
			<key>path</key>
			<string>Pods/Target Support Files/Pods/Pods.release.xcconfig</string>
			<key>sourceTree</key>
			<string>&lt;group&gt;</string>
		</dict>
	</dict>
	<key>rootObject</key>
	<string>03367CF017D345D700CFF891</string>
</dict>
</plist>
